{
  "originHash" : "127f73b7adbcdf58090ba3f02d3d61920f86334ce2a5f54fe74f8ebc6dbfb0e9",
  "pins" : [
    {
      "identity" : "swift-argument-parser",
      "kind" : "remoteSourceControl",
      "location" : "https://github.com/apple/swift-argument-parser",
      "state" : {
        "revision" : "626b5b7b2f45e1b0b1c6f4a309296d1d21d7311b",
        "version" : "1.7.1"
      }
    },
    {
      "identity" : "swiftterm",
      "kind" : "remoteSourceControl",
      "location" : "https://github.com/wuuJiawei/SwiftTerm",
      "state" : {
        "revision" : "4f632d1c60be15ad70152b006cb8679fc81c764f"
      }
    }
  ],
  "version" : 3
}
