// !$*UTF8*$!
{
	archiveVersion = 1;
	classes = {
	};
	objectVersion = 46;
	objects = {

/* Begin PBXBuildFile section */
		00E6437865F58EBD9D2EA2AC /* HostKeyStore.swift in Sources */ = {isa = PBXBuildFile; fileRef = 26468A138A91AF9E693C73DF /* HostKeyStore.swift */; };
		05F15D07DA5AE22CFD3D3481 /* HostConnectionImportSource.swift in Sources */ = {isa = PBXBuildFile; fileRef = 2C723CCD98969325043A0CEF /* HostConnectionImportSource.swift */; };
		0AF7633AE2BE0E1C84E052C0 /* L10n.swift in Sources */ = {isa = PBXBuildFile; fileRef = 965C819F9658B883B1E4A993 /* L10n.swift */; };
		0B61F4CB951258F0E47F8ECC /* HostConnectionImporter.swift in Sources */ = {isa = PBXBuildFile; fileRef = 7C26AC3FEC727C3EDB4EB700 /* HostConnectionImporter.swift */; };
		10357861B46B1DD08D31391D /* AppAppearance.swift in Sources */ = {isa = PBXBuildFile; fileRef = A0939D4F8951AADA3CDA146F /* AppAppearance.swift */; };
		17F169E856684BAD7AEE28DB /* SFTPProtocols.swift in Sources */ = {isa = PBXBuildFile; fileRef = DCB03B787C0736585DD6054E /* SFTPProtocols.swift */; };
		1D29D298E4BF86A74DF67C81 /* libRemoraTerminal.a in Frameworks */ = {isa = PBXBuildFile; fileRef = 2118FCDA9B4C831143134354 /* libRemoraTerminal.a */; };
		295A210875A9AE3DDE960AF9 /* SSHProtocols.swift in Sources */ = {isa = PBXBuildFile; fileRef = 84C077B35B7C72A2110593CB /* SSHProtocols.swift */; };
		2B9F6F13292EAE7B1A262829 /* TerminalPaneView.swift in Sources */ = {isa = PBXBuildFile; fileRef = DF04CE12A67AEEB1F76EF625 /* TerminalPaneView.swift */; };
		2F8D3B3F73C442D0A01F19E2 /* RemoraJSONFileStore.swift in Sources */ = {isa = PBXBuildFile; fileRef = D47ADB7640F9988546370C94 /* RemoraJSONFileStore.swift */; };
		308D1D5445F7EAD3AA3EA7D3 /* TerminalView.swift in Sources */ = {isa = PBXBuildFile; fileRef = F323779C9A746145EC122B53 /* TerminalView.swift */; };
		317E7B0099407BB17C049C55 /* RemoteLogViewerSheet.swift in Sources */ = {isa = PBXBuildFile; fileRef = E254C931DB340E9BDB903BE0 /* RemoteLogViewerSheet.swift */; };
		336AC6C4C3468BEB2E1791C6 /* Security.framework in Frameworks */ = {isa = PBXBuildFile; fileRef = 8BB1D692EFB7E0171E057DFA /* Security.framework */; };
		3D243DD3C65595798A0BA751 /* SessionManagerProtocol.swift in Sources */ = {isa = PBXBuildFile; fileRef = EB5070C1B1D65E2AB116D2D6 /* SessionManagerProtocol.swift */; };
		3EB48EEB4C313320C84E252B /* PasswordSaveConsentGate.swift in Sources */ = {isa = PBXBuildFile; fileRef = A5DC14F68F249CD6A1860439 /* PasswordSaveConsentGate.swift */; };
		42F3F4D49CF841B708AC5A98 /* HostConnectionExporter.swift in Sources */ = {isa = PBXBuildFile; fileRef = 5432DAFB2FA65BDE309E029F /* HostConnectionExporter.swift */; };
		4333BD5B8EA86A92399EF448 /* ServerMetricsCenter.swift in Sources */ = {isa = PBXBuildFile; fileRef = 33C23CA1AA7D7D7E16984029 /* ServerMetricsCenter.swift */; };
		4CA98F42CCFA90EEF1A24ADF /* AppKit.framework in Frameworks */ = {isa = PBXBuildFile; fileRef = 12A70A03DB13FD15C5795748 /* AppKit.framework */; };
		54144B58DD1C6369C32292C8 /* Localizable.strings in Resources */ = {isa = PBXBuildFile; fileRef = 1CA59105189ECBC95F9D469B /* Localizable.strings */; };
		566623426F1570E4E1CF30DB /* TerminalViewRepresentable.swift in Sources */ = {isa = PBXBuildFile; fileRef = 236E4EA50564A9B3B3AD5E72 /* TerminalViewRepresentable.swift */; };
		6D979F0EB246632E4B31DF7F /* RemoteListSelection.swift in Sources */ = {isa = PBXBuildFile; fileRef = D2AA22A0A6851342DDB5AB91 /* RemoteListSelection.swift */; };
		726FE1698F236DC393BFA751 /* RemoteTextEditorSheet.swift in Sources */ = {isa = PBXBuildFile; fileRef = 20D3E039E98F375EF59BC98A /* RemoteTextEditorSheet.swift */; };
		72C4442448CDD594433FD701 /* TerminalDirectorySyncBridge.swift in Sources */ = {isa = PBXBuildFile; fileRef = F238ED18DD7A95EC60AFAF65 /* TerminalDirectorySyncBridge.swift */; };
		741C31B21A03260757E542A1 /* TerminalAIAssistantView.swift in Sources */ = {isa = PBXBuildFile; fileRef = 937D3B9BFE9F1934F3F69AF7 /* TerminalAIAssistantView.swift */; };
		743DABDEE52F10443D003682 /* AppKit.framework in Frameworks */ = {isa = PBXBuildFile; fileRef = 12A70A03DB13FD15C5795748 /* AppKit.framework */; };
		74943A8720BE9EA1C55E0B4C /* HostConnectionClipboardBuilder.swift in Sources */ = {isa = PBXBuildFile; fileRef = 914EC7CEC516444AE5007901 /* HostConnectionClipboardBuilder.swift */; };
		7ADA4DBD7A900FA1A4DBD899 /* ByteSizeFormatter.swift in Sources */ = {isa = PBXBuildFile; fileRef = 938840A00AB8D1E734A5D5A3 /* ByteSizeFormatter.swift */; };
		7DC92AFD13F581DE67871CD6 /* MockSFTPClient.swift in Sources */ = {isa = PBXBuildFile; fileRef = 9CBAAA8BDC4E4D067E038BBB /* MockSFTPClient.swift */; };
		7F2FE78358B4CC1AB9EB126B /* VisualStyle.swift in Sources */ = {isa = PBXBuildFile; fileRef = E16DFC0253C0B54FE4806D90 /* VisualStyle.swift */; };
		809175ED77250DE00D2F8C4C /* AISettingsStore.swift in Sources */ = {isa = PBXBuildFile; fileRef = F73D73191B7585DB2405DB64 /* AISettingsStore.swift */; };
		82BAD979DFA0DA697C82EAF7 /* ArchiveSupport.swift in Sources */ = {isa = PBXBuildFile; fileRef = 3F7BBF0C26EB75435BB52949 /* ArchiveSupport.swift */; };
		86BD4AD5DD8353ECDF7DEB79 /* libRemoraCore.a in Frameworks */ = {isa = PBXBuildFile; fileRef = D9A93E689D5C051D725EC9FE /* libRemoraCore.a */; };
		88722ECD29032E83C5DB43B7 /* SystemSFTPClient.swift in Sources */ = {isa = PBXBuildFile; fileRef = 5259628CD6EF184EA14F6085 /* SystemSFTPClient.swift */; };
		8E0DDDC55DA74FF39B886DFA /* TerminalSessionDescriptor.swift in Sources */ = {isa = PBXBuildFile; fileRef = 6DDDDAE80D063EB1023B1EC9 /* TerminalSessionDescriptor.swift */; };
		8EF1D071A028DAD5416C20F3 /* TerminalRuntime.swift in Sources */ = {isa = PBXBuildFile; fileRef = 06DAD87BE87B488A31F1D3C7 /* TerminalRuntime.swift */; };
		8F3B5EB30D8C977A2A0A32B5 /* RemoteFilePropertiesSheet.swift in Sources */ = {isa = PBXBuildFile; fileRef = 4AC0736E44B22DB649E43D43 /* RemoteFilePropertiesSheet.swift */; };
		90A5DE90D73DC22606A3117F /* WorkspaceViewModel.swift in Sources */ = {isa = PBXBuildFile; fileRef = 71F558DD3E5451346250EE73 /* WorkspaceViewModel.swift */; };
		925127857A0B67D1C2D52EB7 /* RemoteFileModels.swift in Sources */ = {isa = PBXBuildFile; fileRef = A19E3529F3BAAA2991534D84 /* RemoteFileModels.swift */; };
		946B7EA340FB825813CCBA22 /* AppLanguage.swift in Sources */ = {isa = PBXBuildFile; fileRef = 1E6EEA49C2D529281C23ABCC /* AppLanguage.swift */; };
		94D698A0F733D542CA33EE4B /* TerminalAIModels.swift in Sources */ = {isa = PBXBuildFile; fileRef = 0FB561783A5305DC2E6D2BFB /* TerminalAIModels.swift */; };
		96A4CAC796DE6758721926D2 /* CredentialStore.swift in Sources */ = {isa = PBXBuildFile; fileRef = B27B6F3D2BF421B3B6E5817B /* CredentialStore.swift */; };
		9A008102559E4898ACA7895B /* Host.swift in Sources */ = {isa = PBXBuildFile; fileRef = 966F954D7D88AD76936DB102 /* Host.swift */; };
		9A3C55A3F587D64C4C2B494B /* DisconnectedSFTPClient.swift in Sources */ = {isa = PBXBuildFile; fileRef = C7CC895DA49A42E5851DAD0F /* DisconnectedSFTPClient.swift */; };
		9A59889B8B751477583539B6 /* FileTransferViewModel.swift in Sources */ = {isa = PBXBuildFile; fileRef = C965B7DB69D04F30689642EE /* FileTransferViewModel.swift */; };
		9CEE9A5C82573E5213F704BD /* SessionManager.swift in Sources */ = {isa = PBXBuildFile; fileRef = 1EC77597682F36F4F008EB4A /* SessionManager.swift */; };
		9E5734E8113B6788E19B32AB /* RemoteFilePropertiesViewModel.swift in Sources */ = {isa = PBXBuildFile; fileRef = 5C06588363C8DADBF9B074C9 /* RemoteFilePropertiesViewModel.swift */; };
		A097C75DE445B5818A2280E0 /* RemoteExtractSheet.swift in Sources */ = {isa = PBXBuildFile; fileRef = 7D59376809DC346AB05A5526 /* RemoteExtractSheet.swift */; };
		A384D529C70C7E9DC061E19D /* RingByteBuffer.swift in Sources */ = {isa = PBXBuildFile; fileRef = 2EEE937EF442E6A28AF87271 /* RingByteBuffer.swift */; };
		A50376236EB8860BB2A3675E /* RemoraAppMain.swift in Sources */ = {isa = PBXBuildFile; fileRef = 93FEE2A68E1878D8147AFF3E /* RemoraAppMain.swift */; };
		A5C65256C0C40FB096FA9160 /* AppSettings.swift in Sources */ = {isa = PBXBuildFile; fileRef = F924BB6D640F075BDC43E7B0 /* AppSettings.swift */; };
		A6F8E585444B1C7FCB0476A6 /* RemoraSettingsSheet.swift in Sources */ = {isa = PBXBuildFile; fileRef = 59013E3BC8F86F880590BDB7 /* RemoraSettingsSheet.swift */; };
		A78A6315783AD8FE5BFBA275 /* SystemSSHClient.swift in Sources */ = {isa = PBXBuildFile; fileRef = 0AF83BCA420C771956F39D32 /* SystemSSHClient.swift */; };
		AB10DCAC066373DF8FE29B46 /* RemoteLogViewerViewModel.swift in Sources */ = {isa = PBXBuildFile; fileRef = 50C401DFD0BDA4408956A02F /* RemoteLogViewerViewModel.swift */; };
		ACE2804DEFAF1C73C31002F9 /* RemoteDropRouting.swift in Sources */ = {isa = PBXBuildFile; fileRef = EF6E45F1E5A8B0C3C9F9A0C0 /* RemoteDropRouting.swift */; };
		AF3F771D8E11718C81EDAA9C /* RemotePermissionsEditorViewModel.swift in Sources */ = {isa = PBXBuildFile; fileRef = 01781B179A60A5E2BBDC7C5D /* RemotePermissionsEditorViewModel.swift */; };
		AF9213788913EE7C476AF591 /* SwiftTerm in Frameworks */ = {isa = PBXBuildFile; productRef = AC91902E06D919FEB4EAC8FA /* SwiftTerm */; };
		AFB5D859501B0CCCFF58C91E /* AppKeyboardShortcuts.swift in Sources */ = {isa = PBXBuildFile; fileRef = F4FF7AFE0FD991CF7C6E69BC /* AppKeyboardShortcuts.swift */; };
		B0F399DF0CB104DB9022B215 /* SwiftUI.framework in Frameworks */ = {isa = PBXBuildFile; fileRef = 4AF0BCDB68B41315D92867A1 /* SwiftUI.framework */; };
		B1425F004804E284819E8203 /* AISettings.swift in Sources */ = {isa = PBXBuildFile; fileRef = AA2A1191D983B0DA766DEEAE /* AISettings.swift */; };
		B2C64283BF3FFC4F06A1CFFA /* HostCatalog.swift in Sources */ = {isa = PBXBuildFile; fileRef = 9E11239B5DE8FBEFFAA75CFF /* HostCatalog.swift */; };
		B9CBD8C794C3E8081ACE9327 /* SwiftTerm in Frameworks */ = {isa = PBXBuildFile; productRef = 8BD825AE39F295698535738E /* SwiftTerm */; };
		BA1153041CDDC87C5D021A43 /* RemoteCompressSheet.swift in Sources */ = {isa = PBXBuildFile; fileRef = 2BF9DE6804B7B9C6B91FC4D7 /* RemoteCompressSheet.swift */; };
		BC68F36064AD3A504F29EA71 /* RemoteTextEditorViewModel.swift in Sources */ = {isa = PBXBuildFile; fileRef = 7060CFE38798A5A9384288F9 /* RemoteTextEditorViewModel.swift */; };
		C1897B5F4C4F4848D5181A86 /* AppPreferences.swift in Sources */ = {isa = PBXBuildFile; fileRef = EA71CCB70BCDE55102B50179 /* AppPreferences.swift */; };
		C23F1EB94E2C3A9E89E290C3 /* TerminalAIComposerInputView.swift in Sources */ = {isa = PBXBuildFile; fileRef = 1D087300E9380749302F9911 /* TerminalAIComposerInputView.swift */; };
		C2F810C24DA3B16D31C73D05 /* RemotePermissionsEditorSheet.swift in Sources */ = {isa = PBXBuildFile; fileRef = DA33AFA19F0E5458C5A07ACD /* RemotePermissionsEditorSheet.swift */; };
		C37BE4EFFDBD39772E0D149C /* QuartzCore.framework in Frameworks */ = {isa = PBXBuildFile; fileRef = 3BB30D70D04C346856CAF881 /* QuartzCore.framework */; };
		C69A632D066D978E92357865 /* Assets.xcassets in Resources */ = {isa = PBXBuildFile; fileRef = 1A82CF7C19EE4843AA322451 /* Assets.xcassets */; };
		C744A03417B549BD0D337749 /* CoreText.framework in Frameworks */ = {isa = PBXBuildFile; fileRef = A661164C9C8CF55527E9FBE5 /* CoreText.framework */; };
		CA01E684188CC8013DE25442 /* MockSSHClient.swift in Sources */ = {isa = PBXBuildFile; fileRef = 255C19B9B258F39F3B5766AC /* MockSSHClient.swift */; };
		CE148854617649912221B551 /* FileManagerPanelView.swift in Sources */ = {isa = PBXBuildFile; fileRef = E547D4B810C613251ED75070 /* FileManagerPanelView.swift */; };
		D0133997F3DD293FFC245F71 /* LocalizationHelpers.swift in Sources */ = {isa = PBXBuildFile; fileRef = 362EA520ED81C16DE6E12821 /* LocalizationHelpers.swift */; };
		D32ADF3C766739F01F74F786 /* PerformanceMetrics.swift in Sources */ = {isa = PBXBuildFile; fileRef = 66906A27810F3FABB14194C6 /* PerformanceMetrics.swift */; };
		DA502B90C69D960FA510D4A4 /* SSHConnectionReuse.swift in Sources */ = {isa = PBXBuildFile; fileRef = 3962D6C0831383EC1B895AEB /* SSHConnectionReuse.swift */; };
		DD029DB6A760748F12B3365C /* HostCatalogPersistence.swift in Sources */ = {isa = PBXBuildFile; fileRef = 0ED10D192DE3CDBDCD3AAA3A /* HostCatalogPersistence.swift */; };
		DF2364FBD6E4D468584FF358 /* RemoraConfigPaths.swift in Sources */ = {isa = PBXBuildFile; fileRef = C1ABDE2AAAA386FA06F547E7 /* RemoraConfigPaths.swift */; };
		E6B0357426165AD88A724C86 /* Cocoa.framework in Frameworks */ = {isa = PBXBuildFile; fileRef = EA5E3C1BEB7FAE5F7C7021D8 /* Cocoa.framework */; };
		E6C5653931FFDF5D448A9099 /* ContentView.swift in Sources */ = {isa = PBXBuildFile; fileRef = 2C9C7872B4E4EB9035A78BFE /* ContentView.swift */; };
		ED0EEADA12FFD668BFFAE636 /* TransferCenter.swift in Sources */ = {isa = PBXBuildFile; fileRef = 0F31A890A8F3207D98F59D10 /* TransferCenter.swift */; };
		F103A4E89BAAB870AA3E06D3 /* LocalShellClient.swift in Sources */ = {isa = PBXBuildFile; fileRef = B78CE07D3D4D4C1FD0438562 /* LocalShellClient.swift */; };
		F3B385F133BD8AB3E41AA24B /* libRemoraCore.a in Frameworks */ = {isa = PBXBuildFile; fileRef = D9A93E689D5C051D725EC9FE /* libRemoraCore.a */; };
		F5F10F44538A157109273714 /* ServerStatusWindow.swift in Sources */ = {isa = PBXBuildFile; fileRef = DB8DB6C3D8D7098EBA6458F7 /* ServerStatusWindow.swift */; };
		F9897D4F69A6FC1E8E319B45 /* TerminalAIService.swift in Sources */ = {isa = PBXBuildFile; fileRef = CFE95A5BEE4137BB8885FA33 /* TerminalAIService.swift */; };
		FB09F45041A54F2401E0955D /* ConnectionInfoPasswordCopyConsentGate.swift in Sources */ = {isa = PBXBuildFile; fileRef = 7165AC99AA67C4E130C4621A /* ConnectionInfoPasswordCopyConsentGate.swift */; };
		FB1214A2D50368EC2BE066FB /* RemoteTextEditorRepresentable.swift in Sources */ = {isa = PBXBuildFile; fileRef = E6640B74D354A9C101C092D1 /* RemoteTextEditorRepresentable.swift */; };
		FC5B7F023137343597B04545 /* TerminalAIAssistantCoordinator.swift in Sources */ = {isa = PBXBuildFile; fileRef = 337F2C9F84CC2089CFF1CEF5 /* TerminalAIAssistantCoordinator.swift */; };
/* End PBXBuildFile section */

/* Begin PBXContainerItemProxy section */
		272DB4E2A8633D9073859E5F /* PBXContainerItemProxy */ = {
			isa = PBXContainerItemProxy;
			containerPortal = C04186D00BA5149B7F75E72C /* Project object */;
			proxyType = 1;
			remoteGlobalIDString = C0EA6AB166025FE6292DF7D6;
			remoteInfo = RemoraTerminal;
		};
		94C8F113C88B41A38642BB7C /* PBXContainerItemProxy */ = {
			isa = PBXContainerItemProxy;
			containerPortal = C04186D00BA5149B7F75E72C /* Project object */;
			proxyType = 1;
			remoteGlobalIDString = 7124C0274B3B76C6FC5DDB44;
			remoteInfo = RemoraCore;
		};
		AB5B9A06BCA86FDCBAD61581 /* PBXContainerItemProxy */ = {
			isa = PBXContainerItemProxy;
			containerPortal = C04186D00BA5149B7F75E72C /* Project object */;
			proxyType = 1;
			remoteGlobalIDString = 7124C0274B3B76C6FC5DDB44;
			remoteInfo = RemoraCore;
		};
/* End PBXContainerItemProxy section */

/* Begin PBXFileReference section */
		01781B179A60A5E2BBDC7C5D /* RemotePermissionsEditorViewModel.swift */ = {isa = PBXFileReference; includeInIndex = 1; lastKnownFileType = sourcecode.swift; path = RemotePermissionsEditorViewModel.swift; sourceTree = "<group>"; };
		06DAD87BE87B488A31F1D3C7 /* TerminalRuntime.swift */ = {isa = PBXFileReference; includeInIndex = 1; lastKnownFileType = sourcecode.swift; path = TerminalRuntime.swift; sourceTree = "<group>"; };
		0AF83BCA420C771956F39D32 /* SystemSSHClient.swift */ = {isa = PBXFileReference; includeInIndex = 1; lastKnownFileType = sourcecode.swift; name = SystemSSHClient.swift; path = SSH/SystemSSHClient.swift; sourceTree = "<group>"; };
		0ED10D192DE3CDBDCD3AAA3A /* HostCatalogPersistence.swift */ = {isa = PBXFileReference; includeInIndex = 1; lastKnownFileType = sourcecode.swift; path = HostCatalogPersistence.swift; sourceTree = "<group>"; };
		0F31A890A8F3207D98F59D10 /* TransferCenter.swift */ = {isa = PBXFileReference; includeInIndex = 1; lastKnownFileType = sourcecode.swift; path = TransferCenter.swift; sourceTree = "<group>"; };
		0FB561783A5305DC2E6D2BFB /* TerminalAIModels.swift */ = {isa = PBXFileReference; includeInIndex = 1; lastKnownFileType = sourcecode.swift; path = TerminalAIModels.swift; sourceTree = "<group>"; };
		12A70A03DB13FD15C5795748 /* AppKit.framework */ = {isa = PBXFileReference; lastKnownFileType = wrapper.framework; name = AppKit.framework; path = Platforms/MacOSX.platform/Developer/SDKs/MacOSX10.15.sdk/System/Library/Frameworks/AppKit.framework; sourceTree = DEVELOPER_DIR; };
		1A82CF7C19EE4843AA322451 /* Assets.xcassets */ = {isa = PBXFileReference; includeInIndex = 1; lastKnownFileType = folder.assetcatalog; path = Assets.xcassets; sourceTree = "<group>"; };
		1D087300E9380749302F9911 /* TerminalAIComposerInputView.swift */ = {isa = PBXFileReference; includeInIndex = 1; lastKnownFileType = sourcecode.swift; path = TerminalAIComposerInputView.swift; sourceTree = "<group>"; };
		1E6EEA49C2D529281C23ABCC /* AppLanguage.swift */ = {isa = PBXFileReference; includeInIndex = 1; lastKnownFileType = sourcecode.swift; path = AppLanguage.swift; sourceTree = "<group>"; };
		1EC77597682F36F4F008EB4A /* SessionManager.swift */ = {isa = PBXFileReference; includeInIndex = 1; lastKnownFileType = sourcecode.swift; name = SessionManager.swift; path = Session/SessionManager.swift; sourceTree = "<group>"; };
		20D3E039E98F375EF59BC98A /* RemoteTextEditorSheet.swift */ = {isa = PBXFileReference; includeInIndex = 1; lastKnownFileType = sourcecode.swift; path = RemoteTextEditorSheet.swift; sourceTree = "<group>"; };
		2118FCDA9B4C831143134354 /* libRemoraTerminal.a */ = {isa = PBXFileReference; explicitFileType = archive.ar; includeInIndex = 0; path = libRemoraTerminal.a; sourceTree = BUILT_PRODUCTS_DIR; };
		236E4EA50564A9B3B3AD5E72 /* TerminalViewRepresentable.swift */ = {isa = PBXFileReference; includeInIndex = 1; lastKnownFileType = sourcecode.swift; path = TerminalViewRepresentable.swift; sourceTree = "<group>"; };
		2375A5AE68B08E4452A9B3EA /* Localizable.strings */ = {isa = PBXFileReference; includeInIndex = 1; lastKnownFileType = text.plist.strings; name = Localizable.strings; path = "zh-Hans.lproj/Localizable.strings"; sourceTree = "<group>"; };
		255C19B9B258F39F3B5766AC /* MockSSHClient.swift */ = {isa = PBXFileReference; includeInIndex = 1; lastKnownFileType = sourcecode.swift; name = MockSSHClient.swift; path = SSH/MockSSHClient.swift; sourceTree = "<group>"; };
		26468A138A91AF9E693C73DF /* HostKeyStore.swift */ = {isa = PBXFileReference; includeInIndex = 1; lastKnownFileType = sourcecode.swift; name = HostKeyStore.swift; path = Security/HostKeyStore.swift; sourceTree = "<group>"; };
		2BF9DE6804B7B9C6B91FC4D7 /* RemoteCompressSheet.swift */ = {isa = PBXFileReference; includeInIndex = 1; lastKnownFileType = sourcecode.swift; path = RemoteCompressSheet.swift; sourceTree = "<group>"; };
		2C723CCD98969325043A0CEF /* HostConnectionImportSource.swift */ = {isa = PBXFileReference; includeInIndex = 1; lastKnownFileType = sourcecode.swift; path = HostConnectionImportSource.swift; sourceTree = "<group>"; };
		2C9C7872B4E4EB9035A78BFE /* ContentView.swift */ = {isa = PBXFileReference; includeInIndex = 1; lastKnownFileType = sourcecode.swift; path = ContentView.swift; sourceTree = "<group>"; };
		2EEE937EF442E6A28AF87271 /* RingByteBuffer.swift */ = {isa = PBXFileReference; includeInIndex = 1; lastKnownFileType = sourcecode.swift; name = RingByteBuffer.swift; path = IO/RingByteBuffer.swift; sourceTree = "<group>"; };
		337F2C9F84CC2089CFF1CEF5 /* TerminalAIAssistantCoordinator.swift */ = {isa = PBXFileReference; includeInIndex = 1; lastKnownFileType = sourcecode.swift; path = TerminalAIAssistantCoordinator.swift; sourceTree = "<group>"; };
		33C23CA1AA7D7D7E16984029 /* ServerMetricsCenter.swift */ = {isa = PBXFileReference; includeInIndex = 1; lastKnownFileType = sourcecode.swift; path = ServerMetricsCenter.swift; sourceTree = "<group>"; };
		362EA520ED81C16DE6E12821 /* LocalizationHelpers.swift */ = {isa = PBXFileReference; includeInIndex = 1; lastKnownFileType = sourcecode.swift; path = LocalizationHelpers.swift; sourceTree = "<group>"; };
		3962D6C0831383EC1B895AEB /* SSHConnectionReuse.swift */ = {isa = PBXFileReference; includeInIndex = 1; lastKnownFileType = sourcecode.swift; name = SSHConnectionReuse.swift; path = SSH/SSHConnectionReuse.swift; sourceTree = "<group>"; };
		3BB30D70D04C346856CAF881 /* QuartzCore.framework */ = {isa = PBXFileReference; lastKnownFileType = wrapper.framework; name = QuartzCore.framework; path = Platforms/MacOSX.platform/Developer/SDKs/MacOSX10.15.sdk/System/Library/Frameworks/QuartzCore.framework; sourceTree = DEVELOPER_DIR; };
		3F7BBF0C26EB75435BB52949 /* ArchiveSupport.swift */ = {isa = PBXFileReference; includeInIndex = 1; lastKnownFileType = sourcecode.swift; path = ArchiveSupport.swift; sourceTree = "<group>"; };
		4AC0736E44B22DB649E43D43 /* RemoteFilePropertiesSheet.swift */ = {isa = PBXFileReference; includeInIndex = 1; lastKnownFileType = sourcecode.swift; path = RemoteFilePropertiesSheet.swift; sourceTree = "<group>"; };
		4AF0BCDB68B41315D92867A1 /* SwiftUI.framework */ = {isa = PBXFileReference; lastKnownFileType = wrapper.framework; name = SwiftUI.framework; path = Platforms/MacOSX.platform/Developer/SDKs/MacOSX10.15.sdk/System/Library/Frameworks/SwiftUI.framework; sourceTree = DEVELOPER_DIR; };
		50C401DFD0BDA4408956A02F /* RemoteLogViewerViewModel.swift */ = {isa = PBXFileReference; includeInIndex = 1; lastKnownFileType = sourcecode.swift; path = RemoteLogViewerViewModel.swift; sourceTree = "<group>"; };
		5259628CD6EF184EA14F6085 /* SystemSFTPClient.swift */ = {isa = PBXFileReference; includeInIndex = 1; lastKnownFileType = sourcecode.swift; name = SystemSFTPClient.swift; path = SFTP/SystemSFTPClient.swift; sourceTree = "<group>"; };
		5432DAFB2FA65BDE309E029F /* HostConnectionExporter.swift */ = {isa = PBXFileReference; includeInIndex = 1; lastKnownFileType = sourcecode.swift; path = HostConnectionExporter.swift; sourceTree = "<group>"; };
		59013E3BC8F86F880590BDB7 /* RemoraSettingsSheet.swift */ = {isa = PBXFileReference; includeInIndex = 1; lastKnownFileType = sourcecode.swift; path = RemoraSettingsSheet.swift; sourceTree = "<group>"; };
		5C06588363C8DADBF9B074C9 /* RemoteFilePropertiesViewModel.swift */ = {isa = PBXFileReference; includeInIndex = 1; lastKnownFileType = sourcecode.swift; path = RemoteFilePropertiesViewModel.swift; sourceTree = "<group>"; };
		66906A27810F3FABB14194C6 /* PerformanceMetrics.swift */ = {isa = PBXFileReference; includeInIndex = 1; lastKnownFileType = sourcecode.swift; name = PerformanceMetrics.swift; path = Metrics/PerformanceMetrics.swift; sourceTree = "<group>"; };
		6AE3CE11A96BCB3390BB4823 /* package_macos.sh */ = {isa = PBXFileReference; includeInIndex = 1; lastKnownFileType = text.script.sh; name = package_macos.sh; path = scripts/package_macos.sh; sourceTree = "<group>"; };
		6DDDDAE80D063EB1023B1EC9 /* TerminalSessionDescriptor.swift */ = {isa = PBXFileReference; includeInIndex = 1; lastKnownFileType = sourcecode.swift; name = TerminalSessionDescriptor.swift; path = Models/TerminalSessionDescriptor.swift; sourceTree = "<group>"; };
		7060CFE38798A5A9384288F9 /* RemoteTextEditorViewModel.swift */ = {isa = PBXFileReference; includeInIndex = 1; lastKnownFileType = sourcecode.swift; path = RemoteTextEditorViewModel.swift; sourceTree = "<group>"; };
		7165AC99AA67C4E130C4621A /* ConnectionInfoPasswordCopyConsentGate.swift */ = {isa = PBXFileReference; includeInIndex = 1; lastKnownFileType = sourcecode.swift; path = ConnectionInfoPasswordCopyConsentGate.swift; sourceTree = "<group>"; };
		71F558DD3E5451346250EE73 /* WorkspaceViewModel.swift */ = {isa = PBXFileReference; includeInIndex = 1; lastKnownFileType = sourcecode.swift; path = WorkspaceViewModel.swift; sourceTree = "<group>"; };
		7BBB979B9939ABCAE647F2FA /* Localizable.strings */ = {isa = PBXFileReference; includeInIndex = 1; lastKnownFileType = text.plist.strings; name = Localizable.strings; path = en.lproj/Localizable.strings; sourceTree = "<group>"; };
		7C26AC3FEC727C3EDB4EB700 /* HostConnectionImporter.swift */ = {isa = PBXFileReference; includeInIndex = 1; lastKnownFileType = sourcecode.swift; path = HostConnectionImporter.swift; sourceTree = "<group>"; };
		7D59376809DC346AB05A5526 /* RemoteExtractSheet.swift */ = {isa = PBXFileReference; includeInIndex = 1; lastKnownFileType = sourcecode.swift; path = RemoteExtractSheet.swift; sourceTree = "<group>"; };
		84C077B35B7C72A2110593CB /* SSHProtocols.swift */ = {isa = PBXFileReference; includeInIndex = 1; lastKnownFileType = sourcecode.swift; name = SSHProtocols.swift; path = Protocols/SSHProtocols.swift; sourceTree = "<group>"; };
		8BB1D692EFB7E0171E057DFA /* Security.framework */ = {isa = PBXFileReference; lastKnownFileType = wrapper.framework; name = Security.framework; path = Platforms/MacOSX.platform/Developer/SDKs/MacOSX10.15.sdk/System/Library/Frameworks/Security.framework; sourceTree = DEVELOPER_DIR; };
		914EC7CEC516444AE5007901 /* HostConnectionClipboardBuilder.swift */ = {isa = PBXFileReference; includeInIndex = 1; lastKnownFileType = sourcecode.swift; path = HostConnectionClipboardBuilder.swift; sourceTree = "<group>"; };
		937D3B9BFE9F1934F3F69AF7 /* TerminalAIAssistantView.swift */ = {isa = PBXFileReference; includeInIndex = 1; lastKnownFileType = sourcecode.swift; path = TerminalAIAssistantView.swift; sourceTree = "<group>"; };
		938840A00AB8D1E734A5D5A3 /* ByteSizeFormatter.swift */ = {isa = PBXFileReference; includeInIndex = 1; lastKnownFileType = sourcecode.swift; path = ByteSizeFormatter.swift; sourceTree = "<group>"; };
		93FEE2A68E1878D8147AFF3E /* RemoraAppMain.swift */ = {isa = PBXFileReference; includeInIndex = 1; lastKnownFileType = sourcecode.swift; path = RemoraAppMain.swift; sourceTree = "<group>"; };
		965C819F9658B883B1E4A993 /* L10n.swift */ = {isa = PBXFileReference; includeInIndex = 1; lastKnownFileType = sourcecode.swift; path = L10n.swift; sourceTree = "<group>"; };
		966F954D7D88AD76936DB102 /* Host.swift */ = {isa = PBXFileReference; includeInIndex = 1; lastKnownFileType = sourcecode.swift; name = Host.swift; path = Models/Host.swift; sourceTree = "<group>"; };
		9CBAAA8BDC4E4D067E038BBB /* MockSFTPClient.swift */ = {isa = PBXFileReference; includeInIndex = 1; lastKnownFileType = sourcecode.swift; name = MockSFTPClient.swift; path = SFTP/MockSFTPClient.swift; sourceTree = "<group>"; };
		9E11239B5DE8FBEFFAA75CFF /* HostCatalog.swift */ = {isa = PBXFileReference; includeInIndex = 1; lastKnownFileType = sourcecode.swift; path = HostCatalog.swift; sourceTree = "<group>"; };
		A0939D4F8951AADA3CDA146F /* AppAppearance.swift */ = {isa = PBXFileReference; includeInIndex = 1; lastKnownFileType = sourcecode.swift; path = AppAppearance.swift; sourceTree = "<group>"; };
		A19E3529F3BAAA2991534D84 /* RemoteFileModels.swift */ = {isa = PBXFileReference; includeInIndex = 1; lastKnownFileType = sourcecode.swift; name = RemoteFileModels.swift; path = Models/RemoteFileModels.swift; sourceTree = "<group>"; };
		A5DC14F68F249CD6A1860439 /* PasswordSaveConsentGate.swift */ = {isa = PBXFileReference; includeInIndex = 1; lastKnownFileType = sourcecode.swift; path = PasswordSaveConsentGate.swift; sourceTree = "<group>"; };
		A661164C9C8CF55527E9FBE5 /* CoreText.framework */ = {isa = PBXFileReference; lastKnownFileType = wrapper.framework; name = CoreText.framework; path = Platforms/MacOSX.platform/Developer/SDKs/MacOSX10.15.sdk/System/Library/Frameworks/CoreText.framework; sourceTree = DEVELOPER_DIR; };
		AA2A1191D983B0DA766DEEAE /* AISettings.swift */ = {isa = PBXFileReference; includeInIndex = 1; lastKnownFileType = sourcecode.swift; path = AISettings.swift; sourceTree = "<group>"; };
		B27B6F3D2BF421B3B6E5817B /* CredentialStore.swift */ = {isa = PBXFileReference; includeInIndex = 1; lastKnownFileType = sourcecode.swift; name = CredentialStore.swift; path = Security/CredentialStore.swift; sourceTree = "<group>"; };
		B78CE07D3D4D4C1FD0438562 /* LocalShellClient.swift */ = {isa = PBXFileReference; includeInIndex = 1; lastKnownFileType = sourcecode.swift; name = LocalShellClient.swift; path = SSH/LocalShellClient.swift; sourceTree = "<group>"; };
		C1ABDE2AAAA386FA06F547E7 /* RemoraConfigPaths.swift */ = {isa = PBXFileReference; includeInIndex = 1; lastKnownFileType = sourcecode.swift; name = RemoraConfigPaths.swift; path = Config/RemoraConfigPaths.swift; sourceTree = "<group>"; };
		C7CC895DA49A42E5851DAD0F /* DisconnectedSFTPClient.swift */ = {isa = PBXFileReference; includeInIndex = 1; lastKnownFileType = sourcecode.swift; name = DisconnectedSFTPClient.swift; path = SFTP/DisconnectedSFTPClient.swift; sourceTree = "<group>"; };
		C965B7DB69D04F30689642EE /* FileTransferViewModel.swift */ = {isa = PBXFileReference; includeInIndex = 1; lastKnownFileType = sourcecode.swift; path = FileTransferViewModel.swift; sourceTree = "<group>"; };
		CFE95A5BEE4137BB8885FA33 /* TerminalAIService.swift */ = {isa = PBXFileReference; includeInIndex = 1; lastKnownFileType = sourcecode.swift; path = TerminalAIService.swift; sourceTree = "<group>"; };
		D2AA22A0A6851342DDB5AB91 /* RemoteListSelection.swift */ = {isa = PBXFileReference; includeInIndex = 1; lastKnownFileType = sourcecode.swift; path = RemoteListSelection.swift; sourceTree = "<group>"; };
		D47ADB7640F9988546370C94 /* RemoraJSONFileStore.swift */ = {isa = PBXFileReference; includeInIndex = 1; lastKnownFileType = sourcecode.swift; name = RemoraJSONFileStore.swift; path = Config/RemoraJSONFileStore.swift; sourceTree = "<group>"; };
		D9A93E689D5C051D725EC9FE /* libRemoraCore.a */ = {isa = PBXFileReference; explicitFileType = archive.ar; includeInIndex = 0; path = libRemoraCore.a; sourceTree = BUILT_PRODUCTS_DIR; };
		DA33AFA19F0E5458C5A07ACD /* RemotePermissionsEditorSheet.swift */ = {isa = PBXFileReference; includeInIndex = 1; lastKnownFileType = sourcecode.swift; path = RemotePermissionsEditorSheet.swift; sourceTree = "<group>"; };
		DB8DB6C3D8D7098EBA6458F7 /* ServerStatusWindow.swift */ = {isa = PBXFileReference; includeInIndex = 1; lastKnownFileType = sourcecode.swift; path = ServerStatusWindow.swift; sourceTree = "<group>"; };
		DCB03B787C0736585DD6054E /* SFTPProtocols.swift */ = {isa = PBXFileReference; includeInIndex = 1; lastKnownFileType = sourcecode.swift; name = SFTPProtocols.swift; path = Protocols/SFTPProtocols.swift; sourceTree = "<group>"; };
		DF04CE12A67AEEB1F76EF625 /* TerminalPaneView.swift */ = {isa = PBXFileReference; includeInIndex = 1; lastKnownFileType = sourcecode.swift; path = TerminalPaneView.swift; sourceTree = "<group>"; };
		E16DFC0253C0B54FE4806D90 /* VisualStyle.swift */ = {isa = PBXFileReference; includeInIndex = 1; lastKnownFileType = sourcecode.swift; path = VisualStyle.swift; sourceTree = "<group>"; };
		E254C931DB340E9BDB903BE0 /* RemoteLogViewerSheet.swift */ = {isa = PBXFileReference; includeInIndex = 1; lastKnownFileType = sourcecode.swift; path = RemoteLogViewerSheet.swift; sourceTree = "<group>"; };
		E47A3D40A4EE69CA7A40F5C0 /* Remora.app */ = {isa = PBXFileReference; explicitFileType = wrapper.application; includeInIndex = 0; path = Remora.app; sourceTree = BUILT_PRODUCTS_DIR; };
		E547D4B810C613251ED75070 /* FileManagerPanelView.swift */ = {isa = PBXFileReference; includeInIndex = 1; lastKnownFileType = sourcecode.swift; path = FileManagerPanelView.swift; sourceTree = "<group>"; };
		E6640B74D354A9C101C092D1 /* RemoteTextEditorRepresentable.swift */ = {isa = PBXFileReference; includeInIndex = 1; lastKnownFileType = sourcecode.swift; path = RemoteTextEditorRepresentable.swift; sourceTree = "<group>"; };
		EA5E3C1BEB7FAE5F7C7021D8 /* Cocoa.framework */ = {isa = PBXFileReference; lastKnownFileType = wrapper.framework; name = Cocoa.framework; path = Platforms/MacOSX.platform/Developer/SDKs/MacOSX10.15.sdk/System/Library/Frameworks/Cocoa.framework; sourceTree = DEVELOPER_DIR; };
		EA71CCB70BCDE55102B50179 /* AppPreferences.swift */ = {isa = PBXFileReference; includeInIndex = 1; lastKnownFileType = sourcecode.swift; path = AppPreferences.swift; sourceTree = "<group>"; };
		EB5070C1B1D65E2AB116D2D6 /* SessionManagerProtocol.swift */ = {isa = PBXFileReference; includeInIndex = 1; lastKnownFileType = sourcecode.swift; name = SessionManagerProtocol.swift; path = Protocols/SessionManagerProtocol.swift; sourceTree = "<group>"; };
		EF6E45F1E5A8B0C3C9F9A0C0 /* RemoteDropRouting.swift */ = {isa = PBXFileReference; includeInIndex = 1; lastKnownFileType = sourcecode.swift; path = RemoteDropRouting.swift; sourceTree = "<group>"; };
		F238ED18DD7A95EC60AFAF65 /* TerminalDirectorySyncBridge.swift */ = {isa = PBXFileReference; includeInIndex = 1; lastKnownFileType = sourcecode.swift; path = TerminalDirectorySyncBridge.swift; sourceTree = "<group>"; };
		F323779C9A746145EC122B53 /* TerminalView.swift */ = {isa = PBXFileReference; includeInIndex = 1; lastKnownFileType = sourcecode.swift; path = TerminalView.swift; sourceTree = "<group>"; };
		F4FF7AFE0FD991CF7C6E69BC /* AppKeyboardShortcuts.swift */ = {isa = PBXFileReference; includeInIndex = 1; lastKnownFileType = sourcecode.swift; path = AppKeyboardShortcuts.swift; sourceTree = "<group>"; };
		F73D73191B7585DB2405DB64 /* AISettingsStore.swift */ = {isa = PBXFileReference; includeInIndex = 1; lastKnownFileType = sourcecode.swift; path = AISettingsStore.swift; sourceTree = "<group>"; };
		F924BB6D640F075BDC43E7B0 /* AppSettings.swift */ = {isa = PBXFileReference; includeInIndex = 1; lastKnownFileType = sourcecode.swift; path = AppSettings.swift; sourceTree = "<group>"; };
/* End PBXFileReference section */

/* Begin PBXFrameworksBuildPhase section */
		675E18868F2F1CCCAE9A7138 /* Frameworks */ = {
			isa = PBXFrameworksBuildPhase;
			buildActionMask = 2147483647;
			files = (
				336AC6C4C3468BEB2E1791C6 /* Security.framework in Frameworks */,
			);
			runOnlyForDeploymentPostprocessing = 0;
		};
		B7E300B3B037A0E0571B14E0 /* Frameworks */ = {
			isa = PBXFrameworksBuildPhase;
			buildActionMask = 2147483647;
			files = (
				E6B0357426165AD88A724C86 /* Cocoa.framework in Frameworks */,
				86BD4AD5DD8353ECDF7DEB79 /* libRemoraCore.a in Frameworks */,
				1D29D298E4BF86A74DF67C81 /* libRemoraTerminal.a in Frameworks */,
				AF9213788913EE7C476AF591 /* SwiftTerm in Frameworks */,
				B0F399DF0CB104DB9022B215 /* SwiftUI.framework in Frameworks */,
				4CA98F42CCFA90EEF1A24ADF /* AppKit.framework in Frameworks */,
			);
			runOnlyForDeploymentPostprocessing = 0;
		};
		CD0014C7E5E757F7B1B7188F /* Frameworks */ = {
			isa = PBXFrameworksBuildPhase;
			buildActionMask = 2147483647;
			files = (
				F3B385F133BD8AB3E41AA24B /* libRemoraCore.a in Frameworks */,
				B9CBD8C794C3E8081ACE9327 /* SwiftTerm in Frameworks */,
				743DABDEE52F10443D003682 /* AppKit.framework in Frameworks */,
				C744A03417B549BD0D337749 /* CoreText.framework in Frameworks */,
				C37BE4EFFDBD39772E0D149C /* QuartzCore.framework in Frameworks */,
			);
			runOnlyForDeploymentPostprocessing = 0;
		};
/* End PBXFrameworksBuildPhase section */

/* Begin PBXGroup section */
		0863D113260043C4F627179C /* Frameworks */ = {
			isa = PBXGroup;
			children = (
				172A07072FBD24974472904A /* OS X */,
			);
			name = Frameworks;
			sourceTree = "<group>";
		};
		172A07072FBD24974472904A /* OS X */ = {
			isa = PBXGroup;
			children = (
				EA5E3C1BEB7FAE5F7C7021D8 /* Cocoa.framework */,
				8BB1D692EFB7E0171E057DFA /* Security.framework */,
				12A70A03DB13FD15C5795748 /* AppKit.framework */,
				A661164C9C8CF55527E9FBE5 /* CoreText.framework */,
				3BB30D70D04C346856CAF881 /* QuartzCore.framework */,
				4AF0BCDB68B41315D92867A1 /* SwiftUI.framework */,
			);
			name = "OS X";
			sourceTree = "<group>";
		};
		5F621F385560F4E41B660F5D /* scripts */ = {
			isa = PBXGroup;
			children = (
				6AE3CE11A96BCB3390BB4823 /* package_macos.sh */,
			);
			name = scripts;
			path = scripts;
			sourceTree = "<group>";
		};
		6A47DA3EE0D8CDB5AA03957E /* Products */ = {
			isa = PBXGroup;
			children = (
				D9A93E689D5C051D725EC9FE /* libRemoraCore.a */,
				2118FCDA9B4C831143134354 /* libRemoraTerminal.a */,
				E47A3D40A4EE69CA7A40F5C0 /* Remora.app */,
			);
			name = Products;
			sourceTree = "<group>";
		};
		79271BE8040808CE6696918F = {
			isa = PBXGroup;
			children = (
				6A47DA3EE0D8CDB5AA03957E /* Products */,
				0863D113260043C4F627179C /* Frameworks */,
				D3073FC05B29579093A767A5 /* Sources */,
				D584CD9CF99C6869CDCE059D /* Resources */,
				5F621F385560F4E41B660F5D /* scripts */,
			);
			sourceTree = "<group>";
		};
		80827EFA73A0D407E6510D5F /* RemoraCore */ = {
			isa = PBXGroup;
			children = (
				C1ABDE2AAAA386FA06F547E7 /* RemoraConfigPaths.swift */,
				D47ADB7640F9988546370C94 /* RemoraJSONFileStore.swift */,
				2EEE937EF442E6A28AF87271 /* RingByteBuffer.swift */,
				66906A27810F3FABB14194C6 /* PerformanceMetrics.swift */,
				966F954D7D88AD76936DB102 /* Host.swift */,
				A19E3529F3BAAA2991534D84 /* RemoteFileModels.swift */,
				6DDDDAE80D063EB1023B1EC9 /* TerminalSessionDescriptor.swift */,
				DCB03B787C0736585DD6054E /* SFTPProtocols.swift */,
				84C077B35B7C72A2110593CB /* SSHProtocols.swift */,
				EB5070C1B1D65E2AB116D2D6 /* SessionManagerProtocol.swift */,
				C7CC895DA49A42E5851DAD0F /* DisconnectedSFTPClient.swift */,
				9CBAAA8BDC4E4D067E038BBB /* MockSFTPClient.swift */,
				5259628CD6EF184EA14F6085 /* SystemSFTPClient.swift */,
				B78CE07D3D4D4C1FD0438562 /* LocalShellClient.swift */,
				255C19B9B258F39F3B5766AC /* MockSSHClient.swift */,
				3962D6C0831383EC1B895AEB /* SSHConnectionReuse.swift */,
				0AF83BCA420C771956F39D32 /* SystemSSHClient.swift */,
				B27B6F3D2BF421B3B6E5817B /* CredentialStore.swift */,
				26468A138A91AF9E693C73DF /* HostKeyStore.swift */,
				1EC77597682F36F4F008EB4A /* SessionManager.swift */,
			);
			name = RemoraCore;
			path = RemoraCore;
			sourceTree = "<group>";
		};
		8595333179226488D7CBBF5B /* RemoraApp */ = {
			isa = PBXGroup;
			children = (
				E08852A9EEBF766C5F9025EA /* Resources */,
				AA2A1191D983B0DA766DEEAE /* AISettings.swift */,
				F73D73191B7585DB2405DB64 /* AISettingsStore.swift */,
				A0939D4F8951AADA3CDA146F /* AppAppearance.swift */,
				F4FF7AFE0FD991CF7C6E69BC /* AppKeyboardShortcuts.swift */,
				1E6EEA49C2D529281C23ABCC /* AppLanguage.swift */,
				EA71CCB70BCDE55102B50179 /* AppPreferences.swift */,
				F924BB6D640F075BDC43E7B0 /* AppSettings.swift */,
				3F7BBF0C26EB75435BB52949 /* ArchiveSupport.swift */,
				938840A00AB8D1E734A5D5A3 /* ByteSizeFormatter.swift */,
				7165AC99AA67C4E130C4621A /* ConnectionInfoPasswordCopyConsentGate.swift */,
				2C9C7872B4E4EB9035A78BFE /* ContentView.swift */,
				E547D4B810C613251ED75070 /* FileManagerPanelView.swift */,
				C965B7DB69D04F30689642EE /* FileTransferViewModel.swift */,
				9E11239B5DE8FBEFFAA75CFF /* HostCatalog.swift */,
				0ED10D192DE3CDBDCD3AAA3A /* HostCatalogPersistence.swift */,
				914EC7CEC516444AE5007901 /* HostConnectionClipboardBuilder.swift */,
				5432DAFB2FA65BDE309E029F /* HostConnectionExporter.swift */,
				2C723CCD98969325043A0CEF /* HostConnectionImportSource.swift */,
				7C26AC3FEC727C3EDB4EB700 /* HostConnectionImporter.swift */,
				965C819F9658B883B1E4A993 /* L10n.swift */,
				362EA520ED81C16DE6E12821 /* LocalizationHelpers.swift */,
				A5DC14F68F249CD6A1860439 /* PasswordSaveConsentGate.swift */,
				93FEE2A68E1878D8147AFF3E /* RemoraAppMain.swift */,
				59013E3BC8F86F880590BDB7 /* RemoraSettingsSheet.swift */,
				2BF9DE6804B7B9C6B91FC4D7 /* RemoteCompressSheet.swift */,
				EF6E45F1E5A8B0C3C9F9A0C0 /* RemoteDropRouting.swift */,
				7D59376809DC346AB05A5526 /* RemoteExtractSheet.swift */,
				4AC0736E44B22DB649E43D43 /* RemoteFilePropertiesSheet.swift */,
				5C06588363C8DADBF9B074C9 /* RemoteFilePropertiesViewModel.swift */,
				D2AA22A0A6851342DDB5AB91 /* RemoteListSelection.swift */,
				E254C931DB340E9BDB903BE0 /* RemoteLogViewerSheet.swift */,
				50C401DFD0BDA4408956A02F /* RemoteLogViewerViewModel.swift */,
				DA33AFA19F0E5458C5A07ACD /* RemotePermissionsEditorSheet.swift */,
				01781B179A60A5E2BBDC7C5D /* RemotePermissionsEditorViewModel.swift */,
				E6640B74D354A9C101C092D1 /* RemoteTextEditorRepresentable.swift */,
				20D3E039E98F375EF59BC98A /* RemoteTextEditorSheet.swift */,
				7060CFE38798A5A9384288F9 /* RemoteTextEditorViewModel.swift */,
				33C23CA1AA7D7D7E16984029 /* ServerMetricsCenter.swift */,
				DB8DB6C3D8D7098EBA6458F7 /* ServerStatusWindow.swift */,
				337F2C9F84CC2089CFF1CEF5 /* TerminalAIAssistantCoordinator.swift */,
				937D3B9BFE9F1934F3F69AF7 /* TerminalAIAssistantView.swift */,
				1D087300E9380749302F9911 /* TerminalAIComposerInputView.swift */,
				0FB561783A5305DC2E6D2BFB /* TerminalAIModels.swift */,
				CFE95A5BEE4137BB8885FA33 /* TerminalAIService.swift */,
				F238ED18DD7A95EC60AFAF65 /* TerminalDirectorySyncBridge.swift */,
				DF04CE12A67AEEB1F76EF625 /* TerminalPaneView.swift */,
				06DAD87BE87B488A31F1D3C7 /* TerminalRuntime.swift */,
				236E4EA50564A9B3B3AD5E72 /* TerminalViewRepresentable.swift */,
				0F31A890A8F3207D98F59D10 /* TransferCenter.swift */,
				E16DFC0253C0B54FE4806D90 /* VisualStyle.swift */,
				71F558DD3E5451346250EE73 /* WorkspaceViewModel.swift */,
			);
			name = RemoraApp;
			path = RemoraApp;
			sourceTree = "<group>";
		};
		9E8FAA99207E3ACC2D910847 /* RemoraTerminal */ = {
			isa = PBXGroup;
			children = (
				F323779C9A746145EC122B53 /* TerminalView.swift */,
			);
			name = RemoraTerminal;
			path = RemoraTerminal;
			sourceTree = "<group>";
		};
		D3073FC05B29579093A767A5 /* Sources */ = {
			isa = PBXGroup;
			children = (
				80827EFA73A0D407E6510D5F /* RemoraCore */,
				9E8FAA99207E3ACC2D910847 /* RemoraTerminal */,
				8595333179226488D7CBBF5B /* RemoraApp */,
			);
			name = Sources;
			path = Sources;
			sourceTree = "<group>";
		};
		D584CD9CF99C6869CDCE059D /* Resources */ = {
			isa = PBXGroup;
			children = (
				1A82CF7C19EE4843AA322451 /* Assets.xcassets */,
			);
			name = Resources;
			path = Resources;
			sourceTree = "<group>";
		};
		E08852A9EEBF766C5F9025EA /* Resources */ = {
			isa = PBXGroup;
			children = (
				1CA59105189ECBC95F9D469B /* Localizable.strings */,
			);
			name = Resources;
			path = Resources;
			sourceTree = "<group>";
		};
/* End PBXGroup section */

/* Begin PBXHeadersBuildPhase section */
		2A9AA91B325278EE0BB70583 /* Headers */ = {
			isa = PBXHeadersBuildPhase;
			buildActionMask = 2147483647;
			files = (
			);
			runOnlyForDeploymentPostprocessing = 0;
		};
		5C55BB3BD10DB940AE215A62 /* Headers */ = {
			isa = PBXHeadersBuildPhase;
			buildActionMask = 2147483647;
			files = (
			);
			runOnlyForDeploymentPostprocessing = 0;
		};
/* End PBXHeadersBuildPhase section */

/* Begin PBXNativeTarget section */
		522F765ECD7F32244F876FA2 /* Remora */ = {
			isa = PBXNativeTarget;
			buildConfigurationList = 4310CE40F02B174D76F1481F /* Build configuration list for PBXNativeTarget "Remora" */;
			buildPhases = (
				403D5FA172056231277413FB /* Sources */,
				B7E300B3B037A0E0571B14E0 /* Frameworks */,
				ADD3EBFA662418F919240A04 /* Resources */,
			);
			buildRules = (
			);
			dependencies = (
				C3002DCC6308D321246D69B7 /* PBXTargetDependency */,
				DF804FC6460E45C08748B2AB /* PBXTargetDependency */,
			);
			name = Remora;
			packageProductDependencies = (
				AC91902E06D919FEB4EAC8FA /* SwiftTerm */,
			);
			productName = Remora;
			productReference = E47A3D40A4EE69CA7A40F5C0 /* Remora.app */;
			productType = "com.apple.product-type.application";
		};
		7124C0274B3B76C6FC5DDB44 /* RemoraCore */ = {
			isa = PBXNativeTarget;
			buildConfigurationList = 3916AA43F2951C4D7791E6FB /* Build configuration list for PBXNativeTarget "RemoraCore" */;
			buildPhases = (
				2A9AA91B325278EE0BB70583 /* Headers */,
				BBC8E6487B2B4FECCD41DBA9 /* Sources */,
				675E18868F2F1CCCAE9A7138 /* Frameworks */,
			);
			buildRules = (
			);
			dependencies = (
			);
			name = RemoraCore;
			productName = RemoraCore;
			productReference = D9A93E689D5C051D725EC9FE /* libRemoraCore.a */;
			productType = "com.apple.product-type.library.static";
		};
		C0EA6AB166025FE6292DF7D6 /* RemoraTerminal */ = {
			isa = PBXNativeTarget;
			buildConfigurationList = 4C3A8156273AD886387251CC /* Build configuration list for PBXNativeTarget "RemoraTerminal" */;
			buildPhases = (
				5C55BB3BD10DB940AE215A62 /* Headers */,
				688353537F5A0540F4AE45B4 /* Sources */,
				CD0014C7E5E757F7B1B7188F /* Frameworks */,
			);
			buildRules = (
			);
			dependencies = (
				FC9A25A8F97087D978429178 /* PBXTargetDependency */,
			);
			name = RemoraTerminal;
			packageProductDependencies = (
				8BD825AE39F295698535738E /* SwiftTerm */,
			);
			productName = RemoraTerminal;
			productReference = 2118FCDA9B4C831143134354 /* libRemoraTerminal.a */;
			productType = "com.apple.product-type.library.static";
		};
/* End PBXNativeTarget section */

/* Begin PBXProject section */
		C04186D00BA5149B7F75E72C /* Project object */ = {
			isa = PBXProject;
			attributes = {
				LastSwiftUpdateCheck = 2600;
				LastUpgradeCheck = 2600;
			};
			buildConfigurationList = 30960C6C03A6969264DA1780 /* Build configuration list for PBXProject "Remora" */;
			compatibilityVersion = "Xcode 12.0";
			developmentRegion = en;
			hasScannedForEncodings = 0;
			knownRegions = (
				en,
				"zh-Hans",
			);
			mainGroup = 79271BE8040808CE6696918F;
			packageReferences = (
				E437CF04D4399EBD67ED7D95 /* XCRemoteSwiftPackageReference "SwiftTerm" */,
			);
			productRefGroup = 6A47DA3EE0D8CDB5AA03957E /* Products */;
			projectDirPath = "";
			projectRoot = "";
			targets = (
				7124C0274B3B76C6FC5DDB44 /* RemoraCore */,
				C0EA6AB166025FE6292DF7D6 /* RemoraTerminal */,
				522F765ECD7F32244F876FA2 /* Remora */,
			);
		};
/* End PBXProject section */

/* Begin PBXResourcesBuildPhase section */
		ADD3EBFA662418F919240A04 /* Resources */ = {
			isa = PBXResourcesBuildPhase;
			buildActionMask = 2147483647;
			files = (
				54144B58DD1C6369C32292C8 /* Localizable.strings in Resources */,
				C69A632D066D978E92357865 /* Assets.xcassets in Resources */,
			);
			runOnlyForDeploymentPostprocessing = 0;
		};
/* End PBXResourcesBuildPhase section */

/* Begin PBXSourcesBuildPhase section */
		403D5FA172056231277413FB /* Sources */ = {
			isa = PBXSourcesBuildPhase;
			buildActionMask = 2147483647;
			files = (
				B1425F004804E284819E8203 /* AISettings.swift in Sources */,
				809175ED77250DE00D2F8C4C /* AISettingsStore.swift in Sources */,
				10357861B46B1DD08D31391D /* AppAppearance.swift in Sources */,
				AFB5D859501B0CCCFF58C91E /* AppKeyboardShortcuts.swift in Sources */,
				946B7EA340FB825813CCBA22 /* AppLanguage.swift in Sources */,
				C1897B5F4C4F4848D5181A86 /* AppPreferences.swift in Sources */,
				A5C65256C0C40FB096FA9160 /* AppSettings.swift in Sources */,
				82BAD979DFA0DA697C82EAF7 /* ArchiveSupport.swift in Sources */,
				7ADA4DBD7A900FA1A4DBD899 /* ByteSizeFormatter.swift in Sources */,
				FB09F45041A54F2401E0955D /* ConnectionInfoPasswordCopyConsentGate.swift in Sources */,
				E6C5653931FFDF5D448A9099 /* ContentView.swift in Sources */,
				CE148854617649912221B551 /* FileManagerPanelView.swift in Sources */,
				9A59889B8B751477583539B6 /* FileTransferViewModel.swift in Sources */,
				B2C64283BF3FFC4F06A1CFFA /* HostCatalog.swift in Sources */,
				DD029DB6A760748F12B3365C /* HostCatalogPersistence.swift in Sources */,
				74943A8720BE9EA1C55E0B4C /* HostConnectionClipboardBuilder.swift in Sources */,
				42F3F4D49CF841B708AC5A98 /* HostConnectionExporter.swift in Sources */,
				05F15D07DA5AE22CFD3D3481 /* HostConnectionImportSource.swift in Sources */,
				0B61F4CB951258F0E47F8ECC /* HostConnectionImporter.swift in Sources */,
				0AF7633AE2BE0E1C84E052C0 /* L10n.swift in Sources */,
				D0133997F3DD293FFC245F71 /* LocalizationHelpers.swift in Sources */,
				3EB48EEB4C313320C84E252B /* PasswordSaveConsentGate.swift in Sources */,
				A50376236EB8860BB2A3675E /* RemoraAppMain.swift in Sources */,
				A6F8E585444B1C7FCB0476A6 /* RemoraSettingsSheet.swift in Sources */,
				BA1153041CDDC87C5D021A43 /* RemoteCompressSheet.swift in Sources */,
				ACE2804DEFAF1C73C31002F9 /* RemoteDropRouting.swift in Sources */,
				A097C75DE445B5818A2280E0 /* RemoteExtractSheet.swift in Sources */,
				8F3B5EB30D8C977A2A0A32B5 /* RemoteFilePropertiesSheet.swift in Sources */,
				9E5734E8113B6788E19B32AB /* RemoteFilePropertiesViewModel.swift in Sources */,
				6D979F0EB246632E4B31DF7F /* RemoteListSelection.swift in Sources */,
				317E7B0099407BB17C049C55 /* RemoteLogViewerSheet.swift in Sources */,
				AB10DCAC066373DF8FE29B46 /* RemoteLogViewerViewModel.swift in Sources */,
				C2F810C24DA3B16D31C73D05 /* RemotePermissionsEditorSheet.swift in Sources */,
				AF3F771D8E11718C81EDAA9C /* RemotePermissionsEditorViewModel.swift in Sources */,
				FB1214A2D50368EC2BE066FB /* RemoteTextEditorRepresentable.swift in Sources */,
				726FE1698F236DC393BFA751 /* RemoteTextEditorSheet.swift in Sources */,
				BC68F36064AD3A504F29EA71 /* RemoteTextEditorViewModel.swift in Sources */,
				4333BD5B8EA86A92399EF448 /* ServerMetricsCenter.swift in Sources */,
				F5F10F44538A157109273714 /* ServerStatusWindow.swift in Sources */,
				FC5B7F023137343597B04545 /* TerminalAIAssistantCoordinator.swift in Sources */,
				741C31B21A03260757E542A1 /* TerminalAIAssistantView.swift in Sources */,
				C23F1EB94E2C3A9E89E290C3 /* TerminalAIComposerInputView.swift in Sources */,
				94D698A0F733D542CA33EE4B /* TerminalAIModels.swift in Sources */,
				F9897D4F69A6FC1E8E319B45 /* TerminalAIService.swift in Sources */,
				72C4442448CDD594433FD701 /* TerminalDirectorySyncBridge.swift in Sources */,
				2B9F6F13292EAE7B1A262829 /* TerminalPaneView.swift in Sources */,
				8EF1D071A028DAD5416C20F3 /* TerminalRuntime.swift in Sources */,
				566623426F1570E4E1CF30DB /* TerminalViewRepresentable.swift in Sources */,
				ED0EEADA12FFD668BFFAE636 /* TransferCenter.swift in Sources */,
				7F2FE78358B4CC1AB9EB126B /* VisualStyle.swift in Sources */,
				90A5DE90D73DC22606A3117F /* WorkspaceViewModel.swift in Sources */,
			);
			runOnlyForDeploymentPostprocessing = 0;
		};
		688353537F5A0540F4AE45B4 /* Sources */ = {
			isa = PBXSourcesBuildPhase;
			buildActionMask = 2147483647;
			files = (
				308D1D5445F7EAD3AA3EA7D3 /* TerminalView.swift in Sources */,
			);
			runOnlyForDeploymentPostprocessing = 0;
		};
		BBC8E6487B2B4FECCD41DBA9 /* Sources */ = {
			isa = PBXSourcesBuildPhase;
			buildActionMask = 2147483647;
			files = (
				DF2364FBD6E4D468584FF358 /* RemoraConfigPaths.swift in Sources */,
				2F8D3B3F73C442D0A01F19E2 /* RemoraJSONFileStore.swift in Sources */,
				A384D529C70C7E9DC061E19D /* RingByteBuffer.swift in Sources */,
				D32ADF3C766739F01F74F786 /* PerformanceMetrics.swift in Sources */,
				9A008102559E4898ACA7895B /* Host.swift in Sources */,
				925127857A0B67D1C2D52EB7 /* RemoteFileModels.swift in Sources */,
				8E0DDDC55DA74FF39B886DFA /* TerminalSessionDescriptor.swift in Sources */,
				17F169E856684BAD7AEE28DB /* SFTPProtocols.swift in Sources */,
				295A210875A9AE3DDE960AF9 /* SSHProtocols.swift in Sources */,
				3D243DD3C65595798A0BA751 /* SessionManagerProtocol.swift in Sources */,
				9A3C55A3F587D64C4C2B494B /* DisconnectedSFTPClient.swift in Sources */,
				7DC92AFD13F581DE67871CD6 /* MockSFTPClient.swift in Sources */,
				88722ECD29032E83C5DB43B7 /* SystemSFTPClient.swift in Sources */,
				F103A4E89BAAB870AA3E06D3 /* LocalShellClient.swift in Sources */,
				CA01E684188CC8013DE25442 /* MockSSHClient.swift in Sources */,
				DA502B90C69D960FA510D4A4 /* SSHConnectionReuse.swift in Sources */,
				A78A6315783AD8FE5BFBA275 /* SystemSSHClient.swift in Sources */,
				96A4CAC796DE6758721926D2 /* CredentialStore.swift in Sources */,
				00E6437865F58EBD9D2EA2AC /* HostKeyStore.swift in Sources */,
				9CEE9A5C82573E5213F704BD /* SessionManager.swift in Sources */,
			);
			runOnlyForDeploymentPostprocessing = 0;
		};
/* End PBXSourcesBuildPhase section */

/* Begin PBXTargetDependency section */
		C3002DCC6308D321246D69B7 /* PBXTargetDependency */ = {
			isa = PBXTargetDependency;
			name = RemoraCore;
			target = 7124C0274B3B76C6FC5DDB44 /* RemoraCore */;
			targetProxy = 94C8F113C88B41A38642BB7C /* PBXContainerItemProxy */;
		};
		DF804FC6460E45C08748B2AB /* PBXTargetDependency */ = {
			isa = PBXTargetDependency;
			name = RemoraTerminal;
			target = C0EA6AB166025FE6292DF7D6 /* RemoraTerminal */;
			targetProxy = 272DB4E2A8633D9073859E5F /* PBXContainerItemProxy */;
		};
		FC9A25A8F97087D978429178 /* PBXTargetDependency */ = {
			isa = PBXTargetDependency;
			name = RemoraCore;
			target = 7124C0274B3B76C6FC5DDB44 /* RemoraCore */;
			targetProxy = AB5B9A06BCA86FDCBAD61581 /* PBXContainerItemProxy */;
		};
/* End PBXTargetDependency section */

/* Begin PBXVariantGroup section */
		1CA59105189ECBC95F9D469B /* Localizable.strings */ = {
			isa = PBXVariantGroup;
			children = (
				7BBB979B9939ABCAE647F2FA /* Localizable.strings */,
				2375A5AE68B08E4452A9B3EA /* Localizable.strings */,
			);
			name = Localizable.strings;
			sourceTree = "<group>";
		};
/* End PBXVariantGroup section */

/* Begin XCBuildConfiguration section */
		02E07C2339290300346664F3 /* Release */ = {
			isa = XCBuildConfiguration;
			buildSettings = {
				CLANG_ENABLE_MODULES = YES;
				CODE_SIGNING_ALLOWED = NO;
				CODE_SIGNING_REQUIRED = NO;
				CODE_SIGN_IDENTITY = "";
				DEFINES_MODULE = YES;
				EXECUTABLE_PREFIX = lib;
				MACOSX_DEPLOYMENT_TARGET = 14.0;
				PRODUCT_NAME = "$(TARGET_NAME)";
				SDKROOT = macosx;
				SKIP_INSTALL = YES;
				SWIFT_VERSION = 6.0;
			};
			name = Release;
		};
		257CCE202334F273FCD5A588 /* Release */ = {
			isa = XCBuildConfiguration;
			buildSettings = {
				ALWAYS_SEARCH_USER_PATHS = NO;
				CLANG_ANALYZER_NONNULL = YES;
				CLANG_ANALYZER_NUMBER_OBJECT_CONVERSION = YES_AGGRESSIVE;
				CLANG_CXX_LANGUAGE_STANDARD = "gnu++14";
				CLANG_CXX_LIBRARY = "libc++";
				CLANG_ENABLE_MODULES = YES;
				CLANG_ENABLE_OBJC_ARC = YES;
				CLANG_ENABLE_OBJC_WEAK = YES;
				CLANG_WARN_BLOCK_CAPTURE_AUTORELEASING = YES;
				CLANG_WARN_BOOL_CONVERSION = YES;
				CLANG_WARN_COMMA = YES;
				CLANG_WARN_CONSTANT_CONVERSION = YES;
				CLANG_WARN_DEPRECATED_OBJC_IMPLEMENTATIONS = YES;
				CLANG_WARN_DIRECT_OBJC_ISA_USAGE = YES_ERROR;
				CLANG_WARN_DOCUMENTATION_COMMENTS = YES;
				CLANG_WARN_EMPTY_BODY = YES;
				CLANG_WARN_ENUM_CONVERSION = YES;
				CLANG_WARN_INFINITE_RECURSION = YES;
				CLANG_WARN_INT_CONVERSION = YES;
				CLANG_WARN_NON_LITERAL_NULL_CONVERSION = YES;
				CLANG_WARN_OBJC_IMPLICIT_RETAIN_SELF = YES;
				CLANG_WARN_OBJC_LITERAL_CONVERSION = YES;
				CLANG_WARN_OBJC_ROOT_CLASS = YES_ERROR;
				CLANG_WARN_QUOTED_INCLUDE_IN_FRAMEWORK_HEADER = YES;
				CLANG_WARN_RANGE_LOOP_ANALYSIS = YES;
				CLANG_WARN_STRICT_PROTOTYPES = YES;
				CLANG_WARN_SUSPICIOUS_MOVE = YES;
				CLANG_WARN_UNGUARDED_AVAILABILITY = YES_AGGRESSIVE;
				CLANG_WARN_UNREACHABLE_CODE = YES;
				CLANG_WARN__DUPLICATE_METHOD_MATCH = YES;
				CODE_SIGNING_ALLOWED = NO;
				CODE_SIGNING_REQUIRED = NO;
				CODE_SIGN_IDENTITY = "";
				COPY_PHASE_STRIP = NO;
				CURRENT_PROJECT_VERSION = 6;
				DEBUG_INFORMATION_FORMAT = "dwarf-with-dsym";
				ENABLE_NS_ASSERTIONS = NO;
				ENABLE_STRICT_OBJC_MSGSEND = YES;
				GCC_C_LANGUAGE_STANDARD = gnu11;
				GCC_NO_COMMON_BLOCKS = YES;
				GCC_WARN_64_TO_32_BIT_CONVERSION = YES;
				GCC_WARN_ABOUT_RETURN_TYPE = YES_ERROR;
				GCC_WARN_UNDECLARED_SELECTOR = YES;
				GCC_WARN_UNINITIALIZED_AUTOS = YES_AGGRESSIVE;
				GCC_WARN_UNUSED_FUNCTION = YES;
				GCC_WARN_UNUSED_VARIABLE = YES;
				MACOSX_DEPLOYMENT_TARGET = 14.0;
				MARKETING_VERSION = 0.14.2;
				MTL_ENABLE_DEBUG_INFO = NO;
				MTL_FAST_MATH = YES;
				PRODUCT_NAME = "$(TARGET_NAME)";
				SWIFT_COMPILATION_MODE = wholemodule;
				SWIFT_OPTIMIZATION_LEVEL = "-O";
				SWIFT_VERSION = 6.0;
			};
			name = Release;
		};
		4085144815F1DBF0A4044911 /* Release */ = {
			isa = XCBuildConfiguration;
			buildSettings = {
				ASSETCATALOG_COMPILER_APPICON_NAME = AppIcon;
				ASSETCATALOG_COMPILER_GENERATE_SWIFT_ASSET_SYMBOL_EXTENSIONS = NO;
				ASSETCATALOG_COMPILER_GLOBAL_ACCENT_COLOR_NAME = AccentColor;
				CLANG_ENABLE_MODULES = YES;
				CODE_SIGNING_ALLOWED = NO;
				CODE_SIGNING_REQUIRED = NO;
				CODE_SIGN_IDENTITY = "";
				COMBINE_HIDPI_IMAGES = YES;
				GENERATE_INFOPLIST_FILE = YES;
				INFOPLIST_KEY_CFBundleDisplayName = Remora;
				INFOPLIST_KEY_CFBundleExecutable = "$(EXECUTABLE_NAME)";
				INFOPLIST_KEY_CFBundleName = Remora;
				INFOPLIST_KEY_LSApplicationCategoryType = "public.app-category.developer-tools";
				INFOPLIST_KEY_NSHighResolutionCapable = YES;
				LD_RUNPATH_SEARCH_PATHS = "$(inherited) @executable_path/../Frameworks";
				MACOSX_DEPLOYMENT_TARGET = 14.0;
				PRODUCT_BUNDLE_IDENTIFIER = io.github.wuujiawei.remora;
				PRODUCT_NAME = Remora;
				SDKROOT = macosx;
				SWIFT_VERSION = 6.0;
			};
			name = Release;
		};
		592BE265349B1EA534E447EE /* Debug */ = {
			isa = XCBuildConfiguration;
			buildSettings = {
				CLANG_ENABLE_MODULES = YES;
				CODE_SIGNING_ALLOWED = NO;
				CODE_SIGNING_REQUIRED = NO;
				CODE_SIGN_IDENTITY = "";
				DEFINES_MODULE = YES;
				EXECUTABLE_PREFIX = lib;
				MACOSX_DEPLOYMENT_TARGET = 14.0;
				PRODUCT_NAME = "$(TARGET_NAME)";
				SDKROOT = macosx;
				SKIP_INSTALL = YES;
				SWIFT_VERSION = 6.0;
			};
			name = Debug;
		};
		920005C24F04AAD3C1AE3884 /* Debug */ = {
			isa = XCBuildConfiguration;
			buildSettings = {
				ASSETCATALOG_COMPILER_APPICON_NAME = AppIcon;
				ASSETCATALOG_COMPILER_GENERATE_SWIFT_ASSET_SYMBOL_EXTENSIONS = NO;
				ASSETCATALOG_COMPILER_GLOBAL_ACCENT_COLOR_NAME = AccentColor;
				CLANG_ENABLE_MODULES = YES;
				CODE_SIGNING_ALLOWED = NO;
				CODE_SIGNING_REQUIRED = NO;
				CODE_SIGN_IDENTITY = "";
				COMBINE_HIDPI_IMAGES = YES;
				GENERATE_INFOPLIST_FILE = YES;
				INFOPLIST_KEY_CFBundleDisplayName = Remora;
				INFOPLIST_KEY_CFBundleExecutable = "$(EXECUTABLE_NAME)";
				INFOPLIST_KEY_CFBundleName = Remora;
				INFOPLIST_KEY_LSApplicationCategoryType = "public.app-category.developer-tools";
				INFOPLIST_KEY_NSHighResolutionCapable = YES;
				LD_RUNPATH_SEARCH_PATHS = "$(inherited) @executable_path/../Frameworks";
				MACOSX_DEPLOYMENT_TARGET = 14.0;
				PRODUCT_BUNDLE_IDENTIFIER = io.github.wuujiawei.remora;
				PRODUCT_NAME = Remora;
				SDKROOT = macosx;
				SWIFT_VERSION = 6.0;
			};
			name = Debug;
		};
		A1B96D3E921FA74F5F803F0C /* Release */ = {
			isa = XCBuildConfiguration;
			buildSettings = {
				CLANG_ENABLE_MODULES = YES;
				CODE_SIGNING_ALLOWED = NO;
				CODE_SIGNING_REQUIRED = NO;
				CODE_SIGN_IDENTITY = "";
				DEFINES_MODULE = YES;
				EXECUTABLE_PREFIX = lib;
				MACOSX_DEPLOYMENT_TARGET = 14.0;
				PRODUCT_NAME = "$(TARGET_NAME)";
				SDKROOT = macosx;
				SKIP_INSTALL = YES;
				SWIFT_VERSION = 6.0;
			};
			name = Release;
		};
		AD82A88F5AEA07F74AD66187 /* Debug */ = {
			isa = XCBuildConfiguration;
			buildSettings = {
				CLANG_ENABLE_MODULES = YES;
				CODE_SIGNING_ALLOWED = NO;
				CODE_SIGNING_REQUIRED = NO;
				CODE_SIGN_IDENTITY = "";
				DEFINES_MODULE = YES;
				EXECUTABLE_PREFIX = lib;
				MACOSX_DEPLOYMENT_TARGET = 14.0;
				PRODUCT_NAME = "$(TARGET_NAME)";
				SDKROOT = macosx;
				SKIP_INSTALL = YES;
				SWIFT_VERSION = 6.0;
			};
			name = Debug;
		};
		CCC759139940E2747EE6BBBE /* Debug */ = {
			isa = XCBuildConfiguration;
			buildSettings = {
				ALWAYS_SEARCH_USER_PATHS = NO;
				CLANG_ANALYZER_NONNULL = YES;
				CLANG_ANALYZER_NUMBER_OBJECT_CONVERSION = YES_AGGRESSIVE;
				CLANG_CXX_LANGUAGE_STANDARD = "gnu++14";
				CLANG_CXX_LIBRARY = "libc++";
				CLANG_ENABLE_MODULES = YES;
				CLANG_ENABLE_OBJC_ARC = YES;
				CLANG_ENABLE_OBJC_WEAK = YES;
				CLANG_WARN_BLOCK_CAPTURE_AUTORELEASING = YES;
				CLANG_WARN_BOOL_CONVERSION = YES;
				CLANG_WARN_COMMA = YES;
				CLANG_WARN_CONSTANT_CONVERSION = YES;
				CLANG_WARN_DEPRECATED_OBJC_IMPLEMENTATIONS = YES;
				CLANG_WARN_DIRECT_OBJC_ISA_USAGE = YES_ERROR;
				CLANG_WARN_DOCUMENTATION_COMMENTS = YES;
				CLANG_WARN_EMPTY_BODY = YES;
				CLANG_WARN_ENUM_CONVERSION = YES;
				CLANG_WARN_INFINITE_RECURSION = YES;
				CLANG_WARN_INT_CONVERSION = YES;
				CLANG_WARN_NON_LITERAL_NULL_CONVERSION = YES;
				CLANG_WARN_OBJC_IMPLICIT_RETAIN_SELF = YES;
				CLANG_WARN_OBJC_LITERAL_CONVERSION = YES;
				CLANG_WARN_OBJC_ROOT_CLASS = YES_ERROR;
				CLANG_WARN_QUOTED_INCLUDE_IN_FRAMEWORK_HEADER = YES;
				CLANG_WARN_RANGE_LOOP_ANALYSIS = YES;
				CLANG_WARN_STRICT_PROTOTYPES = YES;
				CLANG_WARN_SUSPICIOUS_MOVE = YES;
				CLANG_WARN_UNGUARDED_AVAILABILITY = YES_AGGRESSIVE;
				CLANG_WARN_UNREACHABLE_CODE = YES;
				CLANG_WARN__DUPLICATE_METHOD_MATCH = YES;
				CODE_SIGNING_ALLOWED = NO;
				CODE_SIGNING_REQUIRED = NO;
				CODE_SIGN_IDENTITY = "";
				COPY_PHASE_STRIP = NO;
				CURRENT_PROJECT_VERSION = 6;
				DEBUG_INFORMATION_FORMAT = dwarf;
				ENABLE_STRICT_OBJC_MSGSEND = YES;
				ENABLE_TESTABILITY = YES;
				GCC_C_LANGUAGE_STANDARD = gnu11;
				GCC_DYNAMIC_NO_PIC = NO;
				GCC_NO_COMMON_BLOCKS = YES;
				GCC_OPTIMIZATION_LEVEL = 0;
				GCC_PREPROCESSOR_DEFINITIONS = (
					"DEBUG=1",
					"$(inherited)",
				);
				GCC_WARN_64_TO_32_BIT_CONVERSION = YES;
				GCC_WARN_ABOUT_RETURN_TYPE = YES_ERROR;
				GCC_WARN_UNDECLARED_SELECTOR = YES;
				GCC_WARN_UNINITIALIZED_AUTOS = YES_AGGRESSIVE;
				GCC_WARN_UNUSED_FUNCTION = YES;
				GCC_WARN_UNUSED_VARIABLE = YES;
				MACOSX_DEPLOYMENT_TARGET = 14.0;
				MARKETING_VERSION = 0.14.2;
				MTL_ENABLE_DEBUG_INFO = INCLUDE_SOURCE;
				MTL_FAST_MATH = YES;
				ONLY_ACTIVE_ARCH = YES;
				PRODUCT_NAME = "$(TARGET_NAME)";
				SWIFT_ACTIVE_COMPILATION_CONDITIONS = DEBUG;
				SWIFT_OPTIMIZATION_LEVEL = "-Onone";
				SWIFT_VERSION = 6.0;
			};
			name = Debug;
		};
/* End XCBuildConfiguration section */

/* Begin XCConfigurationList section */
		30960C6C03A6969264DA1780 /* Build configuration list for PBXProject "Remora" */ = {
			isa = XCConfigurationList;
			buildConfigurations = (
				CCC759139940E2747EE6BBBE /* Debug */,
				257CCE202334F273FCD5A588 /* Release */,
			);
			defaultConfigurationIsVisible = 0;
			defaultConfigurationName = Release;
		};
		3916AA43F2951C4D7791E6FB /* Build configuration list for PBXNativeTarget "RemoraCore" */ = {
			isa = XCConfigurationList;
			buildConfigurations = (
				02E07C2339290300346664F3 /* Release */,
				AD82A88F5AEA07F74AD66187 /* Debug */,
			);
			defaultConfigurationIsVisible = 0;
			defaultConfigurationName = Release;
		};
		4310CE40F02B174D76F1481F /* Build configuration list for PBXNativeTarget "Remora" */ = {
			isa = XCConfigurationList;
			buildConfigurations = (
				4085144815F1DBF0A4044911 /* Release */,
				920005C24F04AAD3C1AE3884 /* Debug */,
			);
			defaultConfigurationIsVisible = 0;
			defaultConfigurationName = Release;
		};
		4C3A8156273AD886387251CC /* Build configuration list for PBXNativeTarget "RemoraTerminal" */ = {
			isa = XCConfigurationList;
			buildConfigurations = (
				A1B96D3E921FA74F5F803F0C /* Release */,
				592BE265349B1EA534E447EE /* Debug */,
			);
			defaultConfigurationIsVisible = 0;
			defaultConfigurationName = Release;
		};
/* End XCConfigurationList section */

/* Begin XCRemoteSwiftPackageReference section */
		E437CF04D4399EBD67ED7D95 /* XCRemoteSwiftPackageReference "SwiftTerm" */ = {
			isa = XCRemoteSwiftPackageReference;
			repositoryURL = "https://github.com/migueldeicaza/SwiftTerm";
			requirement = {
				kind = upToNextMajorVersion;
				minimumVersion = 1.11.2;
			};
		};
/* End XCRemoteSwiftPackageReference section */

/* Begin XCSwiftPackageProductDependency section */
		8BD825AE39F295698535738E /* SwiftTerm */ = {
			isa = XCSwiftPackageProductDependency;
			package = E437CF04D4399EBD67ED7D95 /* XCRemoteSwiftPackageReference "SwiftTerm" */;
			productName = SwiftTerm;
		};
		AC91902E06D919FEB4EAC8FA /* SwiftTerm */ = {
			isa = XCSwiftPackageProductDependency;
			package = E437CF04D4399EBD67ED7D95 /* XCRemoteSwiftPackageReference "SwiftTerm" */;
			productName = SwiftTerm;
		};
/* End XCSwiftPackageProductDependency section */
	};
	rootObject = C04186D00BA5149B7F75E72C /* Project object */;
}
