// !$*UTF8*$!
{
	archiveVersion = 1;
	classes = {
	};
	objectVersion = 46;
	objects = {

/* Begin PBXBuildFile section */
		0414ABECD9145244B87FE628 /* SFTPProtocols.swift in Sources */ = {isa = PBXBuildFile; fileRef = 9F9704C5575C2DAFB0B88997 /* SFTPProtocols.swift */; };
		0C9914022A11A1320519C8E2 /* RemoteDropRouting.swift in Sources */ = {isa = PBXBuildFile; fileRef = A17110AD6FAB05FA95DE64E0 /* RemoteDropRouting.swift */; };
		0CBAADE8580482F2D09B10EE /* SSHProtocols.swift in Sources */ = {isa = PBXBuildFile; fileRef = 4AE0EA24252DC3723B8E5A01 /* SSHProtocols.swift */; };
		0F72D34D3235997AC8CBC9EB /* ScrollbackStore.swift in Sources */ = {isa = PBXBuildFile; fileRef = 97F47C05A2C64B31F1950E53 /* ScrollbackStore.swift */; };
		120F17596461319301553F72 /* AppSettings.swift in Sources */ = {isa = PBXBuildFile; fileRef = FBB545AE68C47B7C401341D5 /* AppSettings.swift */; };
		12B2D039DC21991BE90E4E81 /* Cocoa.framework in Frameworks */ = {isa = PBXBuildFile; fileRef = BE19BE3D78CD37F557D7A946 /* Cocoa.framework */; };
		134CE22EF9607D8D77C6F532 /* AppKeyboardShortcuts.swift in Sources */ = {isa = PBXBuildFile; fileRef = AD07A1C46A590FC566E37945 /* AppKeyboardShortcuts.swift */; };
		20F7E46F4B58920FAB6E483A /* LocalShellClient.swift in Sources */ = {isa = PBXBuildFile; fileRef = 8DB6663BD50FF63726511796 /* LocalShellClient.swift */; };
		231DED8BC775FB453D8E7812 /* WorkspaceViewModel.swift in Sources */ = {isa = PBXBuildFile; fileRef = 6EFB01129695FDC49B880119 /* WorkspaceViewModel.swift */; };
		26124B802E696C2FB8C54D15 /* MockSFTPClient.swift in Sources */ = {isa = PBXBuildFile; fileRef = 9781382BF0C101926BB7CB6B /* MockSFTPClient.swift */; };
		264B67E734E734254383BD43 /* RemoteFilePropertiesViewModel.swift in Sources */ = {isa = PBXBuildFile; fileRef = 80540E4EB982082B97439451 /* RemoteFilePropertiesViewModel.swift */; };
		27F8383E982D833C25B96C2E /* HostKeyStore.swift in Sources */ = {isa = PBXBuildFile; fileRef = 0807C70E5C4825553C8ACC1A /* HostKeyStore.swift */; };
		2C9E07D50C12A424DA222EB1 /* Localizable.strings in Resources */ = {isa = PBXBuildFile; fileRef = 2C7873E0F7E61504200E6391 /* Localizable.strings */; };
		314B238548C60C0B214327E9 /* TerminalInputMapper.swift in Sources */ = {isa = PBXBuildFile; fileRef = 2905FF0E66031C6B18BE863D /* TerminalInputMapper.swift */; };
		39A48D9AE327361E1E25C1EE /* Host.swift in Sources */ = {isa = PBXBuildFile; fileRef = A7161F566F872C45ADCE2D86 /* Host.swift */; };
		3D42A6EA6919D74DE61AE089 /* TerminalSessionDescriptor.swift in Sources */ = {isa = PBXBuildFile; fileRef = 1597FF25DBD17E7B09EEE1C5 /* TerminalSessionDescriptor.swift */; };
		3DA0A872190747E06A7EC197 /* HostConnectionImporter.swift in Sources */ = {isa = PBXBuildFile; fileRef = 34381943E6826DF5115CFF2C /* HostConnectionImporter.swift */; };
		3FCEBE2CF946974D48D89214 /* QuartzCore.framework in Frameworks */ = {isa = PBXBuildFile; fileRef = A08D68682CD6F89F202C41CA /* QuartzCore.framework */; };
		4194F281FD884689892761F2 /* ConnectionInfoPasswordCopyConsentGate.swift in Sources */ = {isa = PBXBuildFile; fileRef = 97C6FD54BD6811FAA71AD479 /* ConnectionInfoPasswordCopyConsentGate.swift */; };
		45B10D934A77F1B0CAA6EC76 /* UnicodeCellWidth.swift in Sources */ = {isa = PBXBuildFile; fileRef = CB6940953894C453072F60F7 /* UnicodeCellWidth.swift */; };
		4782A930F44CC9FBEE069078 /* CredentialStore.swift in Sources */ = {isa = PBXBuildFile; fileRef = B1530B4C6230ECCF7DA98A4C /* CredentialStore.swift */; };
		486AD61B516B713E72CAC7A4 /* HostConnectionExporter.swift in Sources */ = {isa = PBXBuildFile; fileRef = 0A71D6A171A94DA17ECCD133 /* HostConnectionExporter.swift */; };
		4A4362960E6B6F72A0DE261C /* DisconnectedSFTPClient.swift in Sources */ = {isa = PBXBuildFile; fileRef = 7056E01F6E44309674575729 /* DisconnectedSFTPClient.swift */; };
		4F6892E42AF07515C9FD21E3 /* libRemoraCore.a in Frameworks */ = {isa = PBXBuildFile; fileRef = E34BA45379E04469807D5530 /* libRemoraCore.a */; };
		514130F25B5A948758D7B165 /* RemoraSettingsSheet.swift in Sources */ = {isa = PBXBuildFile; fileRef = C42461C60668FC30A6531093 /* RemoraSettingsSheet.swift */; };
		58AA6267836EBAEC310D77EB /* ServerMetricsCenter.swift in Sources */ = {isa = PBXBuildFile; fileRef = A2E7B7D86D39963403758238 /* ServerMetricsCenter.swift */; };
		58DAA9656BF069F98AEEC977 /* SessionManager.swift in Sources */ = {isa = PBXBuildFile; fileRef = 9BEC74CDF66A23C364B39862 /* SessionManager.swift */; };
		5C585BF9632AB2933C0CE5B0 /* libRemoraCore.a in Frameworks */ = {isa = PBXBuildFile; fileRef = E34BA45379E04469807D5530 /* libRemoraCore.a */; };
		60A71EBA3B246DAD28074C50 /* RemoteFileModels.swift in Sources */ = {isa = PBXBuildFile; fileRef = C4EAE0B0068222FF56A9AA2B /* RemoteFileModels.swift */; };
		6493032E1BBB3F409A27F047 /* RemoteTextEditorSheet.swift in Sources */ = {isa = PBXBuildFile; fileRef = 1BFD63B2AF8B3CC5FFCC7E7F /* RemoteTextEditorSheet.swift */; };
		658F7D3765A5C54DC829D3C0 /* VisualStyle.swift in Sources */ = {isa = PBXBuildFile; fileRef = FA952BFCD2E93D0A48655D07 /* VisualStyle.swift */; };
		69741C8BBE81A8FB145D338A /* HostConnectionClipboardBuilder.swift in Sources */ = {isa = PBXBuildFile; fileRef = E95769D287590155AFFA01C5 /* HostConnectionClipboardBuilder.swift */; };
		6B9AEC9A2E805F9146997420 /* AppKit.framework in Frameworks */ = {isa = PBXBuildFile; fileRef = 0E54EB1332F229B3BE0484F1 /* AppKit.framework */; };
		6C3AB3BD3984E8A5E45E81E2 /* AppLanguage.swift in Sources */ = {isa = PBXBuildFile; fileRef = 02FC039D83243EA61BD5A91F /* AppLanguage.swift */; };
		6C4B28D311F4BB585254FC10 /* LocalizationHelpers.swift in Sources */ = {isa = PBXBuildFile; fileRef = 533594269034A97067375A27 /* LocalizationHelpers.swift */; };
		6CBA8341443516E802E1BCB8 /* AppIcon.icns in Resources */ = {isa = PBXBuildFile; fileRef = CE07866CD13848BFE8270D47 /* AppIcon.icns */; };
		6D0E924FF87B111455B85C1D /* RingByteBuffer.swift in Sources */ = {isa = PBXBuildFile; fileRef = 9FACCDE8A21FAC25CCE1F0BF /* RingByteBuffer.swift */; };
		753FEFDCD3BA13B8C3279E7B /* TerminalLine.swift in Sources */ = {isa = PBXBuildFile; fileRef = 06FE2484A7DDC1BBADD1E66C /* TerminalLine.swift */; };
		7641EA4F97437DFE4F04510A /* FrameScheduler.swift in Sources */ = {isa = PBXBuildFile; fileRef = DAC9EFF202D8EA7566888FBF /* FrameScheduler.swift */; };
		7B5693C6AC1BCAADA079E111 /* FileManagerPanelView.swift in Sources */ = {isa = PBXBuildFile; fileRef = 59C7C3889CD6D9B329DD2F3B /* FileManagerPanelView.swift */; };
		7D4789EF0A949CF410180D7C /* PasswordSaveConsentGate.swift in Sources */ = {isa = PBXBuildFile; fileRef = A181BC0A4DB508756250DF30 /* PasswordSaveConsentGate.swift */; };
		7DFCCBDA439495565D863E4C /* PerformanceMetrics.swift in Sources */ = {isa = PBXBuildFile; fileRef = 84E2F338F76C0FB5BEE0F315 /* PerformanceMetrics.swift */; };
		7F57DBD06A3E726FA4AC1F89 /* HostConnectionImportSource.swift in Sources */ = {isa = PBXBuildFile; fileRef = 4AD3BC783EA62BCD36B34AA1 /* HostConnectionImportSource.swift */; };
		822E03AF76688666E4777247 /* TerminalPaneView.swift in Sources */ = {isa = PBXBuildFile; fileRef = D3461895B1B8BB2B22765DFD /* TerminalPaneView.swift */; };
		860CF4CDF93DEAEC6B9C7EF4 /* TerminalViewRepresentable.swift in Sources */ = {isa = PBXBuildFile; fileRef = BDDD182A9C88A07ED92B4CA3 /* TerminalViewRepresentable.swift */; };
		947E87795E0B9CA2EF188D4E /* SessionManagerProtocol.swift in Sources */ = {isa = PBXBuildFile; fileRef = C13B129785C7ACD6BB190F55 /* SessionManagerProtocol.swift */; };
		97146B1719F6577D3416C38B /* TerminalRuntime.swift in Sources */ = {isa = PBXBuildFile; fileRef = 3019CF0580D225168A1D443F /* TerminalRuntime.swift */; };
		97B8C26D5540FCF2D6FA14F9 /* TerminalCell.swift in Sources */ = {isa = PBXBuildFile; fileRef = 899B5B9A8786187B7AED8D44 /* TerminalCell.swift */; };
		98338CB0660EC4A0B12AA9AE /* ServerStatusWindow.swift in Sources */ = {isa = PBXBuildFile; fileRef = AE5F800047E1AF387C857DA3 /* ServerStatusWindow.swift */; };
		9E2830F82B47F68458FCEEB9 /* SSHConnectionReuse.swift in Sources */ = {isa = PBXBuildFile; fileRef = 0A2696ECD94DF96F5216844F /* SSHConnectionReuse.swift */; };
		A30D677EF664133978FC8C0E /* GlyphCache.swift in Sources */ = {isa = PBXBuildFile; fileRef = DF8D9F622594C58DECECCCB7 /* GlyphCache.swift */; };
		A3771BEFB888FC898F3B66D1 /* ANSIParser.swift in Sources */ = {isa = PBXBuildFile; fileRef = CDEC41326F5D5C99FF8A4AAC /* ANSIParser.swift */; };
		AB5C739E5D2AE87243EFBAF1 /* Security.framework in Frameworks */ = {isa = PBXBuildFile; fileRef = 8D63CAA8C6816F1BFF93298C /* Security.framework */; };
		B598AAEC0A8B51E960589F3C /* libRemoraTerminal.a in Frameworks */ = {isa = PBXBuildFile; fileRef = 35F5FF25B3422B2DD529AEAB /* libRemoraTerminal.a */; };
		BF077FEFA07362A0D5E06825 /* RemoteListSelection.swift in Sources */ = {isa = PBXBuildFile; fileRef = 1E3E8BC9D58AFC0AD881AC7D /* RemoteListSelection.swift */; };
		C04FDEC6F60721048144B139 /* CoreTextTerminalRenderer.swift in Sources */ = {isa = PBXBuildFile; fileRef = A11A0F464F570A7D2E75357D /* CoreTextTerminalRenderer.swift */; };
		C0C120611A3ACC48C17C509B /* TerminalDirectorySyncBridge.swift in Sources */ = {isa = PBXBuildFile; fileRef = 60E8E987E8426B776DF0E698 /* TerminalDirectorySyncBridge.swift */; };
		C520970727F3A411ACD68744 /* ContentView.swift in Sources */ = {isa = PBXBuildFile; fileRef = 96872D6C7A8459187ADD2624 /* ContentView.swift */; };
		C8E10A7E8AF3D7C92493D145 /* MockSSHClient.swift in Sources */ = {isa = PBXBuildFile; fileRef = E3841827A91254C91EC6F9C7 /* MockSSHClient.swift */; };
		CD0F63D8068B9D5F8B8F8729 /* AppKit.framework in Frameworks */ = {isa = PBXBuildFile; fileRef = 0E54EB1332F229B3BE0484F1 /* AppKit.framework */; };
		CF817D5ECBE6487777EA5206 /* SwiftUI.framework in Frameworks */ = {isa = PBXBuildFile; fileRef = E5CF4AFDFDC7F03E835F9664 /* SwiftUI.framework */; };
		D9296AEAD9A2E147F0DACB2C /* RemoteFilePropertiesSheet.swift in Sources */ = {isa = PBXBuildFile; fileRef = D096264CA2C28DACEC8F1D39 /* RemoteFilePropertiesSheet.swift */; };
		D9CC3089E345112A479D0B36 /* RemoraAppMain.swift in Sources */ = {isa = PBXBuildFile; fileRef = C1F0C4D14A7901AECDADE17A /* RemoraAppMain.swift */; };
		DDB1E208F51EB04A9BA269B3 /* AppAppearance.swift in Sources */ = {isa = PBXBuildFile; fileRef = CECAA2EE108549C49CE24854 /* AppAppearance.swift */; };
		DFDFC3E5CF6E33353257B810 /* TerminalView.swift in Sources */ = {isa = PBXBuildFile; fileRef = 4A1F380411AA45C27E39942F /* TerminalView.swift */; };
		E29AD19AE0DDC0B6A6865D4F /* HostCatalogPersistence.swift in Sources */ = {isa = PBXBuildFile; fileRef = CB0A863A3A6DE83D950910C4 /* HostCatalogPersistence.swift */; };
		E584B68CC34D676431A086FE /* TransferCenter.swift in Sources */ = {isa = PBXBuildFile; fileRef = 004B886A7838F3793A106C29 /* TransferCenter.swift */; };
		E720DE8CFA0D1729E79C27EF /* ScreenBuffer.swift in Sources */ = {isa = PBXBuildFile; fileRef = CF545E3C26FCC4AA14088DF0 /* ScreenBuffer.swift */; };
		E9B0C0511816836F7C5CDDD0 /* L10n.swift in Sources */ = {isa = PBXBuildFile; fileRef = 3F96344A2D18FDABEE680E0D /* L10n.swift */; };
		EB9DA96DE2A21DCEC2F25317 /* SystemSSHClient.swift in Sources */ = {isa = PBXBuildFile; fileRef = FBF911F3AD4A5EC5DA4CB082 /* SystemSSHClient.swift */; };
		EC47E993C9EA22D7D99978EC /* CoreText.framework in Frameworks */ = {isa = PBXBuildFile; fileRef = 341B54F1DEE820F874F4D49B /* CoreText.framework */; };
		ECA9D48652C8A54F2CF6E99B /* RemoteTextEditorViewModel.swift in Sources */ = {isa = PBXBuildFile; fileRef = C3D3491D0B0FC0621BAC9147 /* RemoteTextEditorViewModel.swift */; };
		ED9F2DC8D6404E8515E09963 /* SystemSFTPClient.swift in Sources */ = {isa = PBXBuildFile; fileRef = 6B93391E7219A80A7D19B1F1 /* SystemSFTPClient.swift */; };
		F1DE6B9A5AF701167E744BCD /* HostCatalog.swift in Sources */ = {isa = PBXBuildFile; fileRef = 24436087E1A36B69403E8060 /* HostCatalog.swift */; };
		FD56636303F37E8D1538ABC7 /* TerminalColor.swift in Sources */ = {isa = PBXBuildFile; fileRef = DFE1526542A6C9428E5146FB /* TerminalColor.swift */; };
		FDCC8F3AB0797E3023C225FA /* ByteSizeFormatter.swift in Sources */ = {isa = PBXBuildFile; fileRef = 633129164D1B9D7E7FFC6119 /* ByteSizeFormatter.swift */; };
		FEBB8BF789932A87FE5B6F34 /* FileTransferViewModel.swift in Sources */ = {isa = PBXBuildFile; fileRef = 32B6C924CB45D005C1E4B2C0 /* FileTransferViewModel.swift */; };
/* End PBXBuildFile section */

/* Begin PBXContainerItemProxy section */
		11BD3048F8689ACAC78168B6 /* PBXContainerItemProxy */ = {
			isa = PBXContainerItemProxy;
			containerPortal = 478FC3D6B1F20EB7D78E33D5 /* Project object */;
			proxyType = 1;
			remoteGlobalIDString = 88E223B407DF9E20730A06F4;
			remoteInfo = RemoraTerminal;
		};
		91BB8C59E25AC5CE37BD5D3B /* PBXContainerItemProxy */ = {
			isa = PBXContainerItemProxy;
			containerPortal = 478FC3D6B1F20EB7D78E33D5 /* Project object */;
			proxyType = 1;
			remoteGlobalIDString = A11C770F0761CD9B5E3DA4A4;
			remoteInfo = RemoraCore;
		};
		F25060871DBF7189D6F90045 /* PBXContainerItemProxy */ = {
			isa = PBXContainerItemProxy;
			containerPortal = 478FC3D6B1F20EB7D78E33D5 /* Project object */;
			proxyType = 1;
			remoteGlobalIDString = A11C770F0761CD9B5E3DA4A4;
			remoteInfo = RemoraCore;
		};
/* End PBXContainerItemProxy section */

/* Begin PBXFileReference section */
		004B886A7838F3793A106C29 /* TransferCenter.swift */ = {isa = PBXFileReference; includeInIndex = 1; lastKnownFileType = sourcecode.swift; path = TransferCenter.swift; sourceTree = "<group>"; };
		01AFC73A5AED566EA2889B65 /* Remora.app */ = {isa = PBXFileReference; explicitFileType = wrapper.application; includeInIndex = 0; path = Remora.app; sourceTree = BUILT_PRODUCTS_DIR; };
		02FC039D83243EA61BD5A91F /* AppLanguage.swift */ = {isa = PBXFileReference; includeInIndex = 1; lastKnownFileType = sourcecode.swift; path = AppLanguage.swift; sourceTree = "<group>"; };
		06FE2484A7DDC1BBADD1E66C /* TerminalLine.swift */ = {isa = PBXFileReference; includeInIndex = 1; lastKnownFileType = sourcecode.swift; name = TerminalLine.swift; path = Model/TerminalLine.swift; sourceTree = "<group>"; };
		0807C70E5C4825553C8ACC1A /* HostKeyStore.swift */ = {isa = PBXFileReference; includeInIndex = 1; lastKnownFileType = sourcecode.swift; name = HostKeyStore.swift; path = Security/HostKeyStore.swift; sourceTree = "<group>"; };
		0A2696ECD94DF96F5216844F /* SSHConnectionReuse.swift */ = {isa = PBXFileReference; includeInIndex = 1; lastKnownFileType = sourcecode.swift; name = SSHConnectionReuse.swift; path = SSH/SSHConnectionReuse.swift; sourceTree = "<group>"; };
		0A71D6A171A94DA17ECCD133 /* HostConnectionExporter.swift */ = {isa = PBXFileReference; includeInIndex = 1; lastKnownFileType = sourcecode.swift; path = HostConnectionExporter.swift; sourceTree = "<group>"; };
		0E54EB1332F229B3BE0484F1 /* AppKit.framework */ = {isa = PBXFileReference; lastKnownFileType = wrapper.framework; name = AppKit.framework; path = Platforms/MacOSX.platform/Developer/SDKs/MacOSX10.15.sdk/System/Library/Frameworks/AppKit.framework; sourceTree = DEVELOPER_DIR; };
		1597FF25DBD17E7B09EEE1C5 /* TerminalSessionDescriptor.swift */ = {isa = PBXFileReference; includeInIndex = 1; lastKnownFileType = sourcecode.swift; name = TerminalSessionDescriptor.swift; path = Models/TerminalSessionDescriptor.swift; sourceTree = "<group>"; };
		1BFD63B2AF8B3CC5FFCC7E7F /* RemoteTextEditorSheet.swift */ = {isa = PBXFileReference; includeInIndex = 1; lastKnownFileType = sourcecode.swift; path = RemoteTextEditorSheet.swift; sourceTree = "<group>"; };
		1E3E8BC9D58AFC0AD881AC7D /* RemoteListSelection.swift */ = {isa = PBXFileReference; includeInIndex = 1; lastKnownFileType = sourcecode.swift; path = RemoteListSelection.swift; sourceTree = "<group>"; };
		24436087E1A36B69403E8060 /* HostCatalog.swift */ = {isa = PBXFileReference; includeInIndex = 1; lastKnownFileType = sourcecode.swift; path = HostCatalog.swift; sourceTree = "<group>"; };
		2905FF0E66031C6B18BE863D /* TerminalInputMapper.swift */ = {isa = PBXFileReference; includeInIndex = 1; lastKnownFileType = sourcecode.swift; name = TerminalInputMapper.swift; path = Input/TerminalInputMapper.swift; sourceTree = "<group>"; };
		3019CF0580D225168A1D443F /* TerminalRuntime.swift */ = {isa = PBXFileReference; includeInIndex = 1; lastKnownFileType = sourcecode.swift; path = TerminalRuntime.swift; sourceTree = "<group>"; };
		320B38A073DE2A5AFE23F910 /* package_macos.sh */ = {isa = PBXFileReference; includeInIndex = 1; lastKnownFileType = text.script.sh; name = package_macos.sh; path = scripts/package_macos.sh; sourceTree = "<group>"; };
		32B6C924CB45D005C1E4B2C0 /* FileTransferViewModel.swift */ = {isa = PBXFileReference; includeInIndex = 1; lastKnownFileType = sourcecode.swift; path = FileTransferViewModel.swift; sourceTree = "<group>"; };
		341B54F1DEE820F874F4D49B /* CoreText.framework */ = {isa = PBXFileReference; lastKnownFileType = wrapper.framework; name = CoreText.framework; path = Platforms/MacOSX.platform/Developer/SDKs/MacOSX10.15.sdk/System/Library/Frameworks/CoreText.framework; sourceTree = DEVELOPER_DIR; };
		34381943E6826DF5115CFF2C /* HostConnectionImporter.swift */ = {isa = PBXFileReference; includeInIndex = 1; lastKnownFileType = sourcecode.swift; path = HostConnectionImporter.swift; sourceTree = "<group>"; };
		35F5FF25B3422B2DD529AEAB /* libRemoraTerminal.a */ = {isa = PBXFileReference; explicitFileType = archive.ar; includeInIndex = 0; path = libRemoraTerminal.a; sourceTree = BUILT_PRODUCTS_DIR; };
		3F96344A2D18FDABEE680E0D /* L10n.swift */ = {isa = PBXFileReference; includeInIndex = 1; lastKnownFileType = sourcecode.swift; path = L10n.swift; sourceTree = "<group>"; };
		4A1F380411AA45C27E39942F /* TerminalView.swift */ = {isa = PBXFileReference; includeInIndex = 1; lastKnownFileType = sourcecode.swift; name = TerminalView.swift; path = View/TerminalView.swift; sourceTree = "<group>"; };
		4AD3BC783EA62BCD36B34AA1 /* HostConnectionImportSource.swift */ = {isa = PBXFileReference; includeInIndex = 1; lastKnownFileType = sourcecode.swift; path = HostConnectionImportSource.swift; sourceTree = "<group>"; };
		4AE0EA24252DC3723B8E5A01 /* SSHProtocols.swift */ = {isa = PBXFileReference; includeInIndex = 1; lastKnownFileType = sourcecode.swift; name = SSHProtocols.swift; path = Protocols/SSHProtocols.swift; sourceTree = "<group>"; };
		5063260E4CEACB7607ACB52E /* Localizable.strings */ = {isa = PBXFileReference; includeInIndex = 1; lastKnownFileType = text.plist.strings; name = Localizable.strings; path = en.lproj/Localizable.strings; sourceTree = "<group>"; };
		533594269034A97067375A27 /* LocalizationHelpers.swift */ = {isa = PBXFileReference; includeInIndex = 1; lastKnownFileType = sourcecode.swift; path = LocalizationHelpers.swift; sourceTree = "<group>"; };
		59C7C3889CD6D9B329DD2F3B /* FileManagerPanelView.swift */ = {isa = PBXFileReference; includeInIndex = 1; lastKnownFileType = sourcecode.swift; path = FileManagerPanelView.swift; sourceTree = "<group>"; };
		60E8E987E8426B776DF0E698 /* TerminalDirectorySyncBridge.swift */ = {isa = PBXFileReference; includeInIndex = 1; lastKnownFileType = sourcecode.swift; path = TerminalDirectorySyncBridge.swift; sourceTree = "<group>"; };
		633129164D1B9D7E7FFC6119 /* ByteSizeFormatter.swift */ = {isa = PBXFileReference; includeInIndex = 1; lastKnownFileType = sourcecode.swift; path = ByteSizeFormatter.swift; sourceTree = "<group>"; };
		6B93391E7219A80A7D19B1F1 /* SystemSFTPClient.swift */ = {isa = PBXFileReference; includeInIndex = 1; lastKnownFileType = sourcecode.swift; name = SystemSFTPClient.swift; path = SFTP/SystemSFTPClient.swift; sourceTree = "<group>"; };
		6EFB01129695FDC49B880119 /* WorkspaceViewModel.swift */ = {isa = PBXFileReference; includeInIndex = 1; lastKnownFileType = sourcecode.swift; path = WorkspaceViewModel.swift; sourceTree = "<group>"; };
		7056E01F6E44309674575729 /* DisconnectedSFTPClient.swift */ = {isa = PBXFileReference; includeInIndex = 1; lastKnownFileType = sourcecode.swift; name = DisconnectedSFTPClient.swift; path = SFTP/DisconnectedSFTPClient.swift; sourceTree = "<group>"; };
		80540E4EB982082B97439451 /* RemoteFilePropertiesViewModel.swift */ = {isa = PBXFileReference; includeInIndex = 1; lastKnownFileType = sourcecode.swift; path = RemoteFilePropertiesViewModel.swift; sourceTree = "<group>"; };
		84E2F338F76C0FB5BEE0F315 /* PerformanceMetrics.swift */ = {isa = PBXFileReference; includeInIndex = 1; lastKnownFileType = sourcecode.swift; name = PerformanceMetrics.swift; path = Metrics/PerformanceMetrics.swift; sourceTree = "<group>"; };
		899B5B9A8786187B7AED8D44 /* TerminalCell.swift */ = {isa = PBXFileReference; includeInIndex = 1; lastKnownFileType = sourcecode.swift; name = TerminalCell.swift; path = Model/TerminalCell.swift; sourceTree = "<group>"; };
		8D63CAA8C6816F1BFF93298C /* Security.framework */ = {isa = PBXFileReference; lastKnownFileType = wrapper.framework; name = Security.framework; path = Platforms/MacOSX.platform/Developer/SDKs/MacOSX10.15.sdk/System/Library/Frameworks/Security.framework; sourceTree = DEVELOPER_DIR; };
		8DB6663BD50FF63726511796 /* LocalShellClient.swift */ = {isa = PBXFileReference; includeInIndex = 1; lastKnownFileType = sourcecode.swift; name = LocalShellClient.swift; path = SSH/LocalShellClient.swift; sourceTree = "<group>"; };
		96872D6C7A8459187ADD2624 /* ContentView.swift */ = {isa = PBXFileReference; includeInIndex = 1; lastKnownFileType = sourcecode.swift; path = ContentView.swift; sourceTree = "<group>"; };
		9781382BF0C101926BB7CB6B /* MockSFTPClient.swift */ = {isa = PBXFileReference; includeInIndex = 1; lastKnownFileType = sourcecode.swift; name = MockSFTPClient.swift; path = SFTP/MockSFTPClient.swift; sourceTree = "<group>"; };
		97C6FD54BD6811FAA71AD479 /* ConnectionInfoPasswordCopyConsentGate.swift */ = {isa = PBXFileReference; includeInIndex = 1; lastKnownFileType = sourcecode.swift; path = ConnectionInfoPasswordCopyConsentGate.swift; sourceTree = "<group>"; };
		97F47C05A2C64B31F1950E53 /* ScrollbackStore.swift */ = {isa = PBXFileReference; includeInIndex = 1; lastKnownFileType = sourcecode.swift; name = ScrollbackStore.swift; path = Model/ScrollbackStore.swift; sourceTree = "<group>"; };
		9BEC74CDF66A23C364B39862 /* SessionManager.swift */ = {isa = PBXFileReference; includeInIndex = 1; lastKnownFileType = sourcecode.swift; name = SessionManager.swift; path = Session/SessionManager.swift; sourceTree = "<group>"; };
		9F9704C5575C2DAFB0B88997 /* SFTPProtocols.swift */ = {isa = PBXFileReference; includeInIndex = 1; lastKnownFileType = sourcecode.swift; name = SFTPProtocols.swift; path = Protocols/SFTPProtocols.swift; sourceTree = "<group>"; };
		9FACCDE8A21FAC25CCE1F0BF /* RingByteBuffer.swift */ = {isa = PBXFileReference; includeInIndex = 1; lastKnownFileType = sourcecode.swift; name = RingByteBuffer.swift; path = IO/RingByteBuffer.swift; sourceTree = "<group>"; };
		A08D68682CD6F89F202C41CA /* QuartzCore.framework */ = {isa = PBXFileReference; lastKnownFileType = wrapper.framework; name = QuartzCore.framework; path = Platforms/MacOSX.platform/Developer/SDKs/MacOSX10.15.sdk/System/Library/Frameworks/QuartzCore.framework; sourceTree = DEVELOPER_DIR; };
		A0988D7025C633350F63E16E /* Localizable.strings */ = {isa = PBXFileReference; includeInIndex = 1; lastKnownFileType = text.plist.strings; name = Localizable.strings; path = "zh-Hans.lproj/Localizable.strings"; sourceTree = "<group>"; };
		A11A0F464F570A7D2E75357D /* CoreTextTerminalRenderer.swift */ = {isa = PBXFileReference; includeInIndex = 1; lastKnownFileType = sourcecode.swift; name = CoreTextTerminalRenderer.swift; path = Rendering/CoreTextTerminalRenderer.swift; sourceTree = "<group>"; };
		A17110AD6FAB05FA95DE64E0 /* RemoteDropRouting.swift */ = {isa = PBXFileReference; includeInIndex = 1; lastKnownFileType = sourcecode.swift; path = RemoteDropRouting.swift; sourceTree = "<group>"; };
		A181BC0A4DB508756250DF30 /* PasswordSaveConsentGate.swift */ = {isa = PBXFileReference; includeInIndex = 1; lastKnownFileType = sourcecode.swift; path = PasswordSaveConsentGate.swift; sourceTree = "<group>"; };
		A2E7B7D86D39963403758238 /* ServerMetricsCenter.swift */ = {isa = PBXFileReference; includeInIndex = 1; lastKnownFileType = sourcecode.swift; path = ServerMetricsCenter.swift; sourceTree = "<group>"; };
		A7161F566F872C45ADCE2D86 /* Host.swift */ = {isa = PBXFileReference; includeInIndex = 1; lastKnownFileType = sourcecode.swift; name = Host.swift; path = Models/Host.swift; sourceTree = "<group>"; };
		AD07A1C46A590FC566E37945 /* AppKeyboardShortcuts.swift */ = {isa = PBXFileReference; includeInIndex = 1; lastKnownFileType = sourcecode.swift; path = AppKeyboardShortcuts.swift; sourceTree = "<group>"; };
		AE5F800047E1AF387C857DA3 /* ServerStatusWindow.swift */ = {isa = PBXFileReference; includeInIndex = 1; lastKnownFileType = sourcecode.swift; path = ServerStatusWindow.swift; sourceTree = "<group>"; };
		B1530B4C6230ECCF7DA98A4C /* CredentialStore.swift */ = {isa = PBXFileReference; includeInIndex = 1; lastKnownFileType = sourcecode.swift; name = CredentialStore.swift; path = Security/CredentialStore.swift; sourceTree = "<group>"; };
		BDDD182A9C88A07ED92B4CA3 /* TerminalViewRepresentable.swift */ = {isa = PBXFileReference; includeInIndex = 1; lastKnownFileType = sourcecode.swift; path = TerminalViewRepresentable.swift; sourceTree = "<group>"; };
		BE19BE3D78CD37F557D7A946 /* Cocoa.framework */ = {isa = PBXFileReference; lastKnownFileType = wrapper.framework; name = Cocoa.framework; path = Platforms/MacOSX.platform/Developer/SDKs/MacOSX10.15.sdk/System/Library/Frameworks/Cocoa.framework; sourceTree = DEVELOPER_DIR; };
		C13B129785C7ACD6BB190F55 /* SessionManagerProtocol.swift */ = {isa = PBXFileReference; includeInIndex = 1; lastKnownFileType = sourcecode.swift; name = SessionManagerProtocol.swift; path = Protocols/SessionManagerProtocol.swift; sourceTree = "<group>"; };
		C1F0C4D14A7901AECDADE17A /* RemoraAppMain.swift */ = {isa = PBXFileReference; includeInIndex = 1; lastKnownFileType = sourcecode.swift; path = RemoraAppMain.swift; sourceTree = "<group>"; };
		C3D3491D0B0FC0621BAC9147 /* RemoteTextEditorViewModel.swift */ = {isa = PBXFileReference; includeInIndex = 1; lastKnownFileType = sourcecode.swift; path = RemoteTextEditorViewModel.swift; sourceTree = "<group>"; };
		C42461C60668FC30A6531093 /* RemoraSettingsSheet.swift */ = {isa = PBXFileReference; includeInIndex = 1; lastKnownFileType = sourcecode.swift; path = RemoraSettingsSheet.swift; sourceTree = "<group>"; };
		C4EAE0B0068222FF56A9AA2B /* RemoteFileModels.swift */ = {isa = PBXFileReference; includeInIndex = 1; lastKnownFileType = sourcecode.swift; name = RemoteFileModels.swift; path = Models/RemoteFileModels.swift; sourceTree = "<group>"; };
		CB0A863A3A6DE83D950910C4 /* HostCatalogPersistence.swift */ = {isa = PBXFileReference; includeInIndex = 1; lastKnownFileType = sourcecode.swift; path = HostCatalogPersistence.swift; sourceTree = "<group>"; };
		CB6940953894C453072F60F7 /* UnicodeCellWidth.swift */ = {isa = PBXFileReference; includeInIndex = 1; lastKnownFileType = sourcecode.swift; name = UnicodeCellWidth.swift; path = Model/UnicodeCellWidth.swift; sourceTree = "<group>"; };
		CDEC41326F5D5C99FF8A4AAC /* ANSIParser.swift */ = {isa = PBXFileReference; includeInIndex = 1; lastKnownFileType = sourcecode.swift; name = ANSIParser.swift; path = ANSI/ANSIParser.swift; sourceTree = "<group>"; };
		CE07866CD13848BFE8270D47 /* AppIcon.icns */ = {isa = PBXFileReference; includeInIndex = 1; path = AppIcon.icns; sourceTree = "<group>"; };
		CECAA2EE108549C49CE24854 /* AppAppearance.swift */ = {isa = PBXFileReference; includeInIndex = 1; lastKnownFileType = sourcecode.swift; path = AppAppearance.swift; sourceTree = "<group>"; };
		CF545E3C26FCC4AA14088DF0 /* ScreenBuffer.swift */ = {isa = PBXFileReference; includeInIndex = 1; lastKnownFileType = sourcecode.swift; name = ScreenBuffer.swift; path = Model/ScreenBuffer.swift; sourceTree = "<group>"; };
		D096264CA2C28DACEC8F1D39 /* RemoteFilePropertiesSheet.swift */ = {isa = PBXFileReference; includeInIndex = 1; lastKnownFileType = sourcecode.swift; path = RemoteFilePropertiesSheet.swift; sourceTree = "<group>"; };
		D3461895B1B8BB2B22765DFD /* TerminalPaneView.swift */ = {isa = PBXFileReference; includeInIndex = 1; lastKnownFileType = sourcecode.swift; path = TerminalPaneView.swift; sourceTree = "<group>"; };
		DAC9EFF202D8EA7566888FBF /* FrameScheduler.swift */ = {isa = PBXFileReference; includeInIndex = 1; lastKnownFileType = sourcecode.swift; name = FrameScheduler.swift; path = Scheduler/FrameScheduler.swift; sourceTree = "<group>"; };
		DF8D9F622594C58DECECCCB7 /* GlyphCache.swift */ = {isa = PBXFileReference; includeInIndex = 1; lastKnownFileType = sourcecode.swift; name = GlyphCache.swift; path = Rendering/GlyphCache.swift; sourceTree = "<group>"; };
		DFE1526542A6C9428E5146FB /* TerminalColor.swift */ = {isa = PBXFileReference; includeInIndex = 1; lastKnownFileType = sourcecode.swift; name = TerminalColor.swift; path = Model/TerminalColor.swift; sourceTree = "<group>"; };
		E34BA45379E04469807D5530 /* libRemoraCore.a */ = {isa = PBXFileReference; explicitFileType = archive.ar; includeInIndex = 0; path = libRemoraCore.a; sourceTree = BUILT_PRODUCTS_DIR; };
		E3841827A91254C91EC6F9C7 /* MockSSHClient.swift */ = {isa = PBXFileReference; includeInIndex = 1; lastKnownFileType = sourcecode.swift; name = MockSSHClient.swift; path = SSH/MockSSHClient.swift; sourceTree = "<group>"; };
		E5CF4AFDFDC7F03E835F9664 /* SwiftUI.framework */ = {isa = PBXFileReference; lastKnownFileType = wrapper.framework; name = SwiftUI.framework; path = Platforms/MacOSX.platform/Developer/SDKs/MacOSX10.15.sdk/System/Library/Frameworks/SwiftUI.framework; sourceTree = DEVELOPER_DIR; };
		E95769D287590155AFFA01C5 /* HostConnectionClipboardBuilder.swift */ = {isa = PBXFileReference; includeInIndex = 1; lastKnownFileType = sourcecode.swift; path = HostConnectionClipboardBuilder.swift; sourceTree = "<group>"; };
		FA952BFCD2E93D0A48655D07 /* VisualStyle.swift */ = {isa = PBXFileReference; includeInIndex = 1; lastKnownFileType = sourcecode.swift; path = VisualStyle.swift; sourceTree = "<group>"; };
		FBB545AE68C47B7C401341D5 /* AppSettings.swift */ = {isa = PBXFileReference; includeInIndex = 1; lastKnownFileType = sourcecode.swift; path = AppSettings.swift; sourceTree = "<group>"; };
		FBF911F3AD4A5EC5DA4CB082 /* SystemSSHClient.swift */ = {isa = PBXFileReference; includeInIndex = 1; lastKnownFileType = sourcecode.swift; name = SystemSSHClient.swift; path = SSH/SystemSSHClient.swift; sourceTree = "<group>"; };
/* End PBXFileReference section */

/* Begin PBXFrameworksBuildPhase section */
		8F19D4B49A486CCD6D2DF673 /* Frameworks */ = {
			isa = PBXFrameworksBuildPhase;
			buildActionMask = 2147483647;
			files = (
				AB5C739E5D2AE87243EFBAF1 /* Security.framework in Frameworks */,
			);
			runOnlyForDeploymentPostprocessing = 0;
		};
		B6E292B22EFB693F654765CB /* Frameworks */ = {
			isa = PBXFrameworksBuildPhase;
			buildActionMask = 2147483647;
			files = (
				5C585BF9632AB2933C0CE5B0 /* libRemoraCore.a in Frameworks */,
				6B9AEC9A2E805F9146997420 /* AppKit.framework in Frameworks */,
				EC47E993C9EA22D7D99978EC /* CoreText.framework in Frameworks */,
				3FCEBE2CF946974D48D89214 /* QuartzCore.framework in Frameworks */,
			);
			runOnlyForDeploymentPostprocessing = 0;
		};
		BCEF518581BFBC047D6A8373 /* Frameworks */ = {
			isa = PBXFrameworksBuildPhase;
			buildActionMask = 2147483647;
			files = (
				12B2D039DC21991BE90E4E81 /* Cocoa.framework in Frameworks */,
				4F6892E42AF07515C9FD21E3 /* libRemoraCore.a in Frameworks */,
				B598AAEC0A8B51E960589F3C /* libRemoraTerminal.a in Frameworks */,
				CF817D5ECBE6487777EA5206 /* SwiftUI.framework in Frameworks */,
				CD0F63D8068B9D5F8B8F8729 /* AppKit.framework in Frameworks */,
			);
			runOnlyForDeploymentPostprocessing = 0;
		};
/* End PBXFrameworksBuildPhase section */

/* Begin PBXGroup section */
		235804183BA438846B7DCF47 /* Sources */ = {
			isa = PBXGroup;
			children = (
				3EF677BA148237D2A553C11E /* RemoraCore */,
				79FFE6EFF442E37B0186099A /* RemoraTerminal */,
				73F35363DB70D1F318634A06 /* RemoraApp */,
			);
			name = Sources;
			path = Sources;
			sourceTree = "<group>";
		};
		3EF677BA148237D2A553C11E /* RemoraCore */ = {
			isa = PBXGroup;
			children = (
				9FACCDE8A21FAC25CCE1F0BF /* RingByteBuffer.swift */,
				84E2F338F76C0FB5BEE0F315 /* PerformanceMetrics.swift */,
				A7161F566F872C45ADCE2D86 /* Host.swift */,
				C4EAE0B0068222FF56A9AA2B /* RemoteFileModels.swift */,
				1597FF25DBD17E7B09EEE1C5 /* TerminalSessionDescriptor.swift */,
				9F9704C5575C2DAFB0B88997 /* SFTPProtocols.swift */,
				4AE0EA24252DC3723B8E5A01 /* SSHProtocols.swift */,
				C13B129785C7ACD6BB190F55 /* SessionManagerProtocol.swift */,
				7056E01F6E44309674575729 /* DisconnectedSFTPClient.swift */,
				9781382BF0C101926BB7CB6B /* MockSFTPClient.swift */,
				6B93391E7219A80A7D19B1F1 /* SystemSFTPClient.swift */,
				8DB6663BD50FF63726511796 /* LocalShellClient.swift */,
				E3841827A91254C91EC6F9C7 /* MockSSHClient.swift */,
				0A2696ECD94DF96F5216844F /* SSHConnectionReuse.swift */,
				FBF911F3AD4A5EC5DA4CB082 /* SystemSSHClient.swift */,
				B1530B4C6230ECCF7DA98A4C /* CredentialStore.swift */,
				0807C70E5C4825553C8ACC1A /* HostKeyStore.swift */,
				9BEC74CDF66A23C364B39862 /* SessionManager.swift */,
			);
			name = RemoraCore;
			path = RemoraCore;
			sourceTree = "<group>";
		};
		73F35363DB70D1F318634A06 /* RemoraApp */ = {
			isa = PBXGroup;
			children = (
				B7C23A67047EF063E4C59D66 /* Resources */,
				CECAA2EE108549C49CE24854 /* AppAppearance.swift */,
				AD07A1C46A590FC566E37945 /* AppKeyboardShortcuts.swift */,
				02FC039D83243EA61BD5A91F /* AppLanguage.swift */,
				FBB545AE68C47B7C401341D5 /* AppSettings.swift */,
				633129164D1B9D7E7FFC6119 /* ByteSizeFormatter.swift */,
				97C6FD54BD6811FAA71AD479 /* ConnectionInfoPasswordCopyConsentGate.swift */,
				96872D6C7A8459187ADD2624 /* ContentView.swift */,
				59C7C3889CD6D9B329DD2F3B /* FileManagerPanelView.swift */,
				32B6C924CB45D005C1E4B2C0 /* FileTransferViewModel.swift */,
				24436087E1A36B69403E8060 /* HostCatalog.swift */,
				CB0A863A3A6DE83D950910C4 /* HostCatalogPersistence.swift */,
				E95769D287590155AFFA01C5 /* HostConnectionClipboardBuilder.swift */,
				0A71D6A171A94DA17ECCD133 /* HostConnectionExporter.swift */,
				4AD3BC783EA62BCD36B34AA1 /* HostConnectionImportSource.swift */,
				34381943E6826DF5115CFF2C /* HostConnectionImporter.swift */,
				3F96344A2D18FDABEE680E0D /* L10n.swift */,
				533594269034A97067375A27 /* LocalizationHelpers.swift */,
				A181BC0A4DB508756250DF30 /* PasswordSaveConsentGate.swift */,
				C1F0C4D14A7901AECDADE17A /* RemoraAppMain.swift */,
				C42461C60668FC30A6531093 /* RemoraSettingsSheet.swift */,
				A17110AD6FAB05FA95DE64E0 /* RemoteDropRouting.swift */,
				D096264CA2C28DACEC8F1D39 /* RemoteFilePropertiesSheet.swift */,
				80540E4EB982082B97439451 /* RemoteFilePropertiesViewModel.swift */,
				1E3E8BC9D58AFC0AD881AC7D /* RemoteListSelection.swift */,
				1BFD63B2AF8B3CC5FFCC7E7F /* RemoteTextEditorSheet.swift */,
				C3D3491D0B0FC0621BAC9147 /* RemoteTextEditorViewModel.swift */,
				A2E7B7D86D39963403758238 /* ServerMetricsCenter.swift */,
				AE5F800047E1AF387C857DA3 /* ServerStatusWindow.swift */,
				60E8E987E8426B776DF0E698 /* TerminalDirectorySyncBridge.swift */,
				D3461895B1B8BB2B22765DFD /* TerminalPaneView.swift */,
				3019CF0580D225168A1D443F /* TerminalRuntime.swift */,
				BDDD182A9C88A07ED92B4CA3 /* TerminalViewRepresentable.swift */,
				004B886A7838F3793A106C29 /* TransferCenter.swift */,
				FA952BFCD2E93D0A48655D07 /* VisualStyle.swift */,
				6EFB01129695FDC49B880119 /* WorkspaceViewModel.swift */,
			);
			name = RemoraApp;
			path = RemoraApp;
			sourceTree = "<group>";
		};
		79FFE6EFF442E37B0186099A /* RemoraTerminal */ = {
			isa = PBXGroup;
			children = (
				CDEC41326F5D5C99FF8A4AAC /* ANSIParser.swift */,
				2905FF0E66031C6B18BE863D /* TerminalInputMapper.swift */,
				CF545E3C26FCC4AA14088DF0 /* ScreenBuffer.swift */,
				97F47C05A2C64B31F1950E53 /* ScrollbackStore.swift */,
				899B5B9A8786187B7AED8D44 /* TerminalCell.swift */,
				DFE1526542A6C9428E5146FB /* TerminalColor.swift */,
				06FE2484A7DDC1BBADD1E66C /* TerminalLine.swift */,
				CB6940953894C453072F60F7 /* UnicodeCellWidth.swift */,
				A11A0F464F570A7D2E75357D /* CoreTextTerminalRenderer.swift */,
				DF8D9F622594C58DECECCCB7 /* GlyphCache.swift */,
				DAC9EFF202D8EA7566888FBF /* FrameScheduler.swift */,
				4A1F380411AA45C27E39942F /* TerminalView.swift */,
			);
			name = RemoraTerminal;
			path = RemoraTerminal;
			sourceTree = "<group>";
		};
		861C6BA822064014C2E4F276 /* Resources */ = {
			isa = PBXGroup;
			children = (
				CE07866CD13848BFE8270D47 /* AppIcon.icns */,
			);
			name = Resources;
			path = Resources;
			sourceTree = "<group>";
		};
		9D9DE23B0C95A2C93702BFAA = {
			isa = PBXGroup;
			children = (
				A599EDD3CAD31CB669DB6C49 /* Products */,
				E9B50C2751C03625F9D8911F /* Frameworks */,
				235804183BA438846B7DCF47 /* Sources */,
				861C6BA822064014C2E4F276 /* Resources */,
				EE0CF65289733199C4B04D6F /* scripts */,
			);
			sourceTree = "<group>";
		};
		A599EDD3CAD31CB669DB6C49 /* Products */ = {
			isa = PBXGroup;
			children = (
				E34BA45379E04469807D5530 /* libRemoraCore.a */,
				35F5FF25B3422B2DD529AEAB /* libRemoraTerminal.a */,
				01AFC73A5AED566EA2889B65 /* Remora.app */,
			);
			name = Products;
			sourceTree = "<group>";
		};
		B7C23A67047EF063E4C59D66 /* Resources */ = {
			isa = PBXGroup;
			children = (
				2C7873E0F7E61504200E6391 /* Localizable.strings */,
			);
			name = Resources;
			path = Resources;
			sourceTree = "<group>";
		};
		D6FD1D33825C5DB06D9D7825 /* OS X */ = {
			isa = PBXGroup;
			children = (
				BE19BE3D78CD37F557D7A946 /* Cocoa.framework */,
				8D63CAA8C6816F1BFF93298C /* Security.framework */,
				0E54EB1332F229B3BE0484F1 /* AppKit.framework */,
				341B54F1DEE820F874F4D49B /* CoreText.framework */,
				A08D68682CD6F89F202C41CA /* QuartzCore.framework */,
				E5CF4AFDFDC7F03E835F9664 /* SwiftUI.framework */,
			);
			name = "OS X";
			sourceTree = "<group>";
		};
		E9B50C2751C03625F9D8911F /* Frameworks */ = {
			isa = PBXGroup;
			children = (
				D6FD1D33825C5DB06D9D7825 /* OS X */,
			);
			name = Frameworks;
			sourceTree = "<group>";
		};
		EE0CF65289733199C4B04D6F /* scripts */ = {
			isa = PBXGroup;
			children = (
				320B38A073DE2A5AFE23F910 /* package_macos.sh */,
			);
			name = scripts;
			path = scripts;
			sourceTree = "<group>";
		};
/* End PBXGroup section */

/* Begin PBXHeadersBuildPhase section */
		77F80FBB98D642035A1DF474 /* Headers */ = {
			isa = PBXHeadersBuildPhase;
			buildActionMask = 2147483647;
			files = (
			);
			runOnlyForDeploymentPostprocessing = 0;
		};
		9903DC406149C3A225570E61 /* Headers */ = {
			isa = PBXHeadersBuildPhase;
			buildActionMask = 2147483647;
			files = (
			);
			runOnlyForDeploymentPostprocessing = 0;
		};
/* End PBXHeadersBuildPhase section */

/* Begin PBXNativeTarget section */
		88E223B407DF9E20730A06F4 /* RemoraTerminal */ = {
			isa = PBXNativeTarget;
			buildConfigurationList = F93861D0846042F8147088B9 /* Build configuration list for PBXNativeTarget "RemoraTerminal" */;
			buildPhases = (
				77F80FBB98D642035A1DF474 /* Headers */,
				F5EA68E9F2FF8D062D50B554 /* Sources */,
				B6E292B22EFB693F654765CB /* Frameworks */,
			);
			buildRules = (
			);
			dependencies = (
				1E9B99CAC2EC18D82379E790 /* PBXTargetDependency */,
			);
			name = RemoraTerminal;
			productName = RemoraTerminal;
			productReference = 35F5FF25B3422B2DD529AEAB /* libRemoraTerminal.a */;
			productType = "com.apple.product-type.library.static";
		};
		A11C770F0761CD9B5E3DA4A4 /* RemoraCore */ = {
			isa = PBXNativeTarget;
			buildConfigurationList = ABA344282EA4F2875605A2FB /* Build configuration list for PBXNativeTarget "RemoraCore" */;
			buildPhases = (
				9903DC406149C3A225570E61 /* Headers */,
				86B84DD52A62108792681989 /* Sources */,
				8F19D4B49A486CCD6D2DF673 /* Frameworks */,
			);
			buildRules = (
			);
			dependencies = (
			);
			name = RemoraCore;
			productName = RemoraCore;
			productReference = E34BA45379E04469807D5530 /* libRemoraCore.a */;
			productType = "com.apple.product-type.library.static";
		};
		D5BFDCF6356F9F1794005D44 /* Remora */ = {
			isa = PBXNativeTarget;
			buildConfigurationList = 6741772885EFAE8E0D4E7B9A /* Build configuration list for PBXNativeTarget "Remora" */;
			buildPhases = (
				B4AAD9C5F9E2F11906135520 /* Sources */,
				BCEF518581BFBC047D6A8373 /* Frameworks */,
				65224E398C25ADD94CC8E066 /* Resources */,
			);
			buildRules = (
			);
			dependencies = (
				E13E1EC29FD02A7B6E7E2259 /* PBXTargetDependency */,
				BCC9EC3682BB1E197F935940 /* PBXTargetDependency */,
			);
			name = Remora;
			productName = Remora;
			productReference = 01AFC73A5AED566EA2889B65 /* Remora.app */;
			productType = "com.apple.product-type.application";
		};
/* End PBXNativeTarget section */

/* Begin PBXProject section */
		478FC3D6B1F20EB7D78E33D5 /* Project object */ = {
			isa = PBXProject;
			attributes = {
				LastSwiftUpdateCheck = 2600;
				LastUpgradeCheck = 2600;
			};
			buildConfigurationList = 3F10104A3B6ED559A8BA10E0 /* Build configuration list for PBXProject "Remora" */;
			compatibilityVersion = "Xcode 3.2";
			developmentRegion = en;
			hasScannedForEncodings = 0;
			knownRegions = (
				en,
				"zh-Hans",
			);
			mainGroup = 9D9DE23B0C95A2C93702BFAA;
			productRefGroup = A599EDD3CAD31CB669DB6C49 /* Products */;
			projectDirPath = "";
			projectRoot = "";
			targets = (
				A11C770F0761CD9B5E3DA4A4 /* RemoraCore */,
				88E223B407DF9E20730A06F4 /* RemoraTerminal */,
				D5BFDCF6356F9F1794005D44 /* Remora */,
			);
		};
/* End PBXProject section */

/* Begin PBXResourcesBuildPhase section */
		65224E398C25ADD94CC8E066 /* Resources */ = {
			isa = PBXResourcesBuildPhase;
			buildActionMask = 2147483647;
			files = (
				2C9E07D50C12A424DA222EB1 /* Localizable.strings in Resources */,
				6CBA8341443516E802E1BCB8 /* AppIcon.icns in Resources */,
			);
			runOnlyForDeploymentPostprocessing = 0;
		};
/* End PBXResourcesBuildPhase section */

/* Begin PBXSourcesBuildPhase section */
		86B84DD52A62108792681989 /* Sources */ = {
			isa = PBXSourcesBuildPhase;
			buildActionMask = 2147483647;
			files = (
				6D0E924FF87B111455B85C1D /* RingByteBuffer.swift in Sources */,
				7DFCCBDA439495565D863E4C /* PerformanceMetrics.swift in Sources */,
				39A48D9AE327361E1E25C1EE /* Host.swift in Sources */,
				60A71EBA3B246DAD28074C50 /* RemoteFileModels.swift in Sources */,
				3D42A6EA6919D74DE61AE089 /* TerminalSessionDescriptor.swift in Sources */,
				0414ABECD9145244B87FE628 /* SFTPProtocols.swift in Sources */,
				0CBAADE8580482F2D09B10EE /* SSHProtocols.swift in Sources */,
				947E87795E0B9CA2EF188D4E /* SessionManagerProtocol.swift in Sources */,
				4A4362960E6B6F72A0DE261C /* DisconnectedSFTPClient.swift in Sources */,
				26124B802E696C2FB8C54D15 /* MockSFTPClient.swift in Sources */,
				ED9F2DC8D6404E8515E09963 /* SystemSFTPClient.swift in Sources */,
				20F7E46F4B58920FAB6E483A /* LocalShellClient.swift in Sources */,
				C8E10A7E8AF3D7C92493D145 /* MockSSHClient.swift in Sources */,
				9E2830F82B47F68458FCEEB9 /* SSHConnectionReuse.swift in Sources */,
				EB9DA96DE2A21DCEC2F25317 /* SystemSSHClient.swift in Sources */,
				4782A930F44CC9FBEE069078 /* CredentialStore.swift in Sources */,
				27F8383E982D833C25B96C2E /* HostKeyStore.swift in Sources */,
				58DAA9656BF069F98AEEC977 /* SessionManager.swift in Sources */,
			);
			runOnlyForDeploymentPostprocessing = 0;
		};
		B4AAD9C5F9E2F11906135520 /* Sources */ = {
			isa = PBXSourcesBuildPhase;
			buildActionMask = 2147483647;
			files = (
				DDB1E208F51EB04A9BA269B3 /* AppAppearance.swift in Sources */,
				134CE22EF9607D8D77C6F532 /* AppKeyboardShortcuts.swift in Sources */,
				6C3AB3BD3984E8A5E45E81E2 /* AppLanguage.swift in Sources */,
				120F17596461319301553F72 /* AppSettings.swift in Sources */,
				FDCC8F3AB0797E3023C225FA /* ByteSizeFormatter.swift in Sources */,
				4194F281FD884689892761F2 /* ConnectionInfoPasswordCopyConsentGate.swift in Sources */,
				C520970727F3A411ACD68744 /* ContentView.swift in Sources */,
				7B5693C6AC1BCAADA079E111 /* FileManagerPanelView.swift in Sources */,
				FEBB8BF789932A87FE5B6F34 /* FileTransferViewModel.swift in Sources */,
				F1DE6B9A5AF701167E744BCD /* HostCatalog.swift in Sources */,
				E29AD19AE0DDC0B6A6865D4F /* HostCatalogPersistence.swift in Sources */,
				69741C8BBE81A8FB145D338A /* HostConnectionClipboardBuilder.swift in Sources */,
				486AD61B516B713E72CAC7A4 /* HostConnectionExporter.swift in Sources */,
				7F57DBD06A3E726FA4AC1F89 /* HostConnectionImportSource.swift in Sources */,
				3DA0A872190747E06A7EC197 /* HostConnectionImporter.swift in Sources */,
				E9B0C0511816836F7C5CDDD0 /* L10n.swift in Sources */,
				6C4B28D311F4BB585254FC10 /* LocalizationHelpers.swift in Sources */,
				7D4789EF0A949CF410180D7C /* PasswordSaveConsentGate.swift in Sources */,
				D9CC3089E345112A479D0B36 /* RemoraAppMain.swift in Sources */,
				514130F25B5A948758D7B165 /* RemoraSettingsSheet.swift in Sources */,
				0C9914022A11A1320519C8E2 /* RemoteDropRouting.swift in Sources */,
				D9296AEAD9A2E147F0DACB2C /* RemoteFilePropertiesSheet.swift in Sources */,
				264B67E734E734254383BD43 /* RemoteFilePropertiesViewModel.swift in Sources */,
				BF077FEFA07362A0D5E06825 /* RemoteListSelection.swift in Sources */,
				6493032E1BBB3F409A27F047 /* RemoteTextEditorSheet.swift in Sources */,
				ECA9D48652C8A54F2CF6E99B /* RemoteTextEditorViewModel.swift in Sources */,
				58AA6267836EBAEC310D77EB /* ServerMetricsCenter.swift in Sources */,
				98338CB0660EC4A0B12AA9AE /* ServerStatusWindow.swift in Sources */,
				C0C120611A3ACC48C17C509B /* TerminalDirectorySyncBridge.swift in Sources */,
				822E03AF76688666E4777247 /* TerminalPaneView.swift in Sources */,
				97146B1719F6577D3416C38B /* TerminalRuntime.swift in Sources */,
				860CF4CDF93DEAEC6B9C7EF4 /* TerminalViewRepresentable.swift in Sources */,
				E584B68CC34D676431A086FE /* TransferCenter.swift in Sources */,
				658F7D3765A5C54DC829D3C0 /* VisualStyle.swift in Sources */,
				231DED8BC775FB453D8E7812 /* WorkspaceViewModel.swift in Sources */,
			);
			runOnlyForDeploymentPostprocessing = 0;
		};
		F5EA68E9F2FF8D062D50B554 /* Sources */ = {
			isa = PBXSourcesBuildPhase;
			buildActionMask = 2147483647;
			files = (
				A3771BEFB888FC898F3B66D1 /* ANSIParser.swift in Sources */,
				314B238548C60C0B214327E9 /* TerminalInputMapper.swift in Sources */,
				E720DE8CFA0D1729E79C27EF /* ScreenBuffer.swift in Sources */,
				0F72D34D3235997AC8CBC9EB /* ScrollbackStore.swift in Sources */,
				97B8C26D5540FCF2D6FA14F9 /* TerminalCell.swift in Sources */,
				FD56636303F37E8D1538ABC7 /* TerminalColor.swift in Sources */,
				753FEFDCD3BA13B8C3279E7B /* TerminalLine.swift in Sources */,
				45B10D934A77F1B0CAA6EC76 /* UnicodeCellWidth.swift in Sources */,
				C04FDEC6F60721048144B139 /* CoreTextTerminalRenderer.swift in Sources */,
				A30D677EF664133978FC8C0E /* GlyphCache.swift in Sources */,
				7641EA4F97437DFE4F04510A /* FrameScheduler.swift in Sources */,
				DFDFC3E5CF6E33353257B810 /* TerminalView.swift in Sources */,
			);
			runOnlyForDeploymentPostprocessing = 0;
		};
/* End PBXSourcesBuildPhase section */

/* Begin PBXTargetDependency section */
		1E9B99CAC2EC18D82379E790 /* PBXTargetDependency */ = {
			isa = PBXTargetDependency;
			name = RemoraCore;
			target = A11C770F0761CD9B5E3DA4A4 /* RemoraCore */;
			targetProxy = F25060871DBF7189D6F90045 /* PBXContainerItemProxy */;
		};
		BCC9EC3682BB1E197F935940 /* PBXTargetDependency */ = {
			isa = PBXTargetDependency;
			name = RemoraTerminal;
			target = 88E223B407DF9E20730A06F4 /* RemoraTerminal */;
			targetProxy = 11BD3048F8689ACAC78168B6 /* PBXContainerItemProxy */;
		};
		E13E1EC29FD02A7B6E7E2259 /* PBXTargetDependency */ = {
			isa = PBXTargetDependency;
			name = RemoraCore;
			target = A11C770F0761CD9B5E3DA4A4 /* RemoraCore */;
			targetProxy = 91BB8C59E25AC5CE37BD5D3B /* PBXContainerItemProxy */;
		};
/* End PBXTargetDependency section */

/* Begin PBXVariantGroup section */
		2C7873E0F7E61504200E6391 /* Localizable.strings */ = {
			isa = PBXVariantGroup;
			children = (
				5063260E4CEACB7607ACB52E /* Localizable.strings */,
				A0988D7025C633350F63E16E /* Localizable.strings */,
			);
			name = Localizable.strings;
			sourceTree = "<group>";
		};
/* End PBXVariantGroup section */

/* Begin XCBuildConfiguration section */
		0E8277D828604BBF41B40359 /* Debug */ = {
			isa = XCBuildConfiguration;
			buildSettings = {
				ASSETCATALOG_COMPILER_APPICON_NAME = AppIcon;
				ASSETCATALOG_COMPILER_GENERATE_SWIFT_ASSET_SYMBOL_EXTENSIONS = NO;
				ASSETCATALOG_COMPILER_GLOBAL_ACCENT_COLOR_NAME = AccentColor;
				CLANG_ENABLE_MODULES = YES;
				CODE_SIGNING_ALLOWED = NO;
				CODE_SIGNING_REQUIRED = NO;
				CODE_SIGN_IDENTITY = "";
				COMBINE_HIDPI_IMAGES = YES;
				GENERATE_INFOPLIST_FILE = YES;
				INFOPLIST_KEY_CFBundleDisplayName = Remora;
				INFOPLIST_KEY_CFBundleExecutable = "$(EXECUTABLE_NAME)";
				INFOPLIST_KEY_CFBundleIconFile = AppIcon.icns;
				INFOPLIST_KEY_CFBundleName = Remora;
				INFOPLIST_KEY_LSApplicationCategoryType = "public.app-category.developer-tools";
				INFOPLIST_KEY_NSHighResolutionCapable = YES;
				LD_RUNPATH_SEARCH_PATHS = "$(inherited) @executable_path/../Frameworks";
				MACOSX_DEPLOYMENT_TARGET = 14.0;
				PRODUCT_BUNDLE_IDENTIFIER = io.github.wuujiawei.remora;
				PRODUCT_NAME = Remora;
				SDKROOT = macosx;
				SWIFT_VERSION = 6.0;
			};
			name = Debug;
		};
		1353331A23DC7793058ECC53 /* Release */ = {
			isa = XCBuildConfiguration;
			buildSettings = {
				ALWAYS_SEARCH_USER_PATHS = NO;
				CLANG_ANALYZER_NONNULL = YES;
				CLANG_ANALYZER_NUMBER_OBJECT_CONVERSION = YES_AGGRESSIVE;
				CLANG_CXX_LANGUAGE_STANDARD = "gnu++14";
				CLANG_CXX_LIBRARY = "libc++";
				CLANG_ENABLE_MODULES = YES;
				CLANG_ENABLE_OBJC_ARC = YES;
				CLANG_ENABLE_OBJC_WEAK = YES;
				CLANG_WARN_BLOCK_CAPTURE_AUTORELEASING = YES;
				CLANG_WARN_BOOL_CONVERSION = YES;
				CLANG_WARN_COMMA = YES;
				CLANG_WARN_CONSTANT_CONVERSION = YES;
				CLANG_WARN_DEPRECATED_OBJC_IMPLEMENTATIONS = YES;
				CLANG_WARN_DIRECT_OBJC_ISA_USAGE = YES_ERROR;
				CLANG_WARN_DOCUMENTATION_COMMENTS = YES;
				CLANG_WARN_EMPTY_BODY = YES;
				CLANG_WARN_ENUM_CONVERSION = YES;
				CLANG_WARN_INFINITE_RECURSION = YES;
				CLANG_WARN_INT_CONVERSION = YES;
				CLANG_WARN_NON_LITERAL_NULL_CONVERSION = YES;
				CLANG_WARN_OBJC_IMPLICIT_RETAIN_SELF = YES;
				CLANG_WARN_OBJC_LITERAL_CONVERSION = YES;
				CLANG_WARN_OBJC_ROOT_CLASS = YES_ERROR;
				CLANG_WARN_QUOTED_INCLUDE_IN_FRAMEWORK_HEADER = YES;
				CLANG_WARN_RANGE_LOOP_ANALYSIS = YES;
				CLANG_WARN_STRICT_PROTOTYPES = YES;
				CLANG_WARN_SUSPICIOUS_MOVE = YES;
				CLANG_WARN_UNGUARDED_AVAILABILITY = YES_AGGRESSIVE;
				CLANG_WARN_UNREACHABLE_CODE = YES;
				CLANG_WARN__DUPLICATE_METHOD_MATCH = YES;
				CODE_SIGNING_ALLOWED = NO;
				CODE_SIGNING_REQUIRED = NO;
				CODE_SIGN_IDENTITY = "";
				COPY_PHASE_STRIP = NO;
				CURRENT_PROJECT_VERSION = 1;
				DEBUG_INFORMATION_FORMAT = "dwarf-with-dsym";
				ENABLE_NS_ASSERTIONS = NO;
				ENABLE_STRICT_OBJC_MSGSEND = YES;
				GCC_C_LANGUAGE_STANDARD = gnu11;
				GCC_NO_COMMON_BLOCKS = YES;
				GCC_WARN_64_TO_32_BIT_CONVERSION = YES;
				GCC_WARN_ABOUT_RETURN_TYPE = YES_ERROR;
				GCC_WARN_UNDECLARED_SELECTOR = YES;
				GCC_WARN_UNINITIALIZED_AUTOS = YES_AGGRESSIVE;
				GCC_WARN_UNUSED_FUNCTION = YES;
				GCC_WARN_UNUSED_VARIABLE = YES;
				MACOSX_DEPLOYMENT_TARGET = 14.0;
				MARKETING_VERSION = 0.10.5;
				MTL_ENABLE_DEBUG_INFO = NO;
				MTL_FAST_MATH = YES;
				PRODUCT_NAME = "$(TARGET_NAME)";
				SWIFT_COMPILATION_MODE = wholemodule;
				SWIFT_OPTIMIZATION_LEVEL = "-O";
				SWIFT_VERSION = 6.0;
			};
			name = Release;
		};
		2F5B56C8BAB6F31C094F788C /* Debug */ = {
			isa = XCBuildConfiguration;
			buildSettings = {
				CLANG_ENABLE_MODULES = YES;
				CODE_SIGNING_ALLOWED = NO;
				CODE_SIGNING_REQUIRED = NO;
				CODE_SIGN_IDENTITY = "";
				DEFINES_MODULE = YES;
				EXECUTABLE_PREFIX = lib;
				MACOSX_DEPLOYMENT_TARGET = 14.0;
				PRODUCT_NAME = "$(TARGET_NAME)";
				SDKROOT = macosx;
				SKIP_INSTALL = YES;
				SWIFT_VERSION = 6.0;
			};
			name = Debug;
		};
		4727A898ECA48759DA502A89 /* Release */ = {
			isa = XCBuildConfiguration;
			buildSettings = {
				CLANG_ENABLE_MODULES = YES;
				CODE_SIGNING_ALLOWED = NO;
				CODE_SIGNING_REQUIRED = NO;
				CODE_SIGN_IDENTITY = "";
				DEFINES_MODULE = YES;
				EXECUTABLE_PREFIX = lib;
				MACOSX_DEPLOYMENT_TARGET = 14.0;
				PRODUCT_NAME = "$(TARGET_NAME)";
				SDKROOT = macosx;
				SKIP_INSTALL = YES;
				SWIFT_VERSION = 6.0;
			};
			name = Release;
		};
		562B0BA30E1D0949B04F2CF6 /* Release */ = {
			isa = XCBuildConfiguration;
			buildSettings = {
				ASSETCATALOG_COMPILER_APPICON_NAME = AppIcon;
				ASSETCATALOG_COMPILER_GENERATE_SWIFT_ASSET_SYMBOL_EXTENSIONS = NO;
				ASSETCATALOG_COMPILER_GLOBAL_ACCENT_COLOR_NAME = AccentColor;
				CLANG_ENABLE_MODULES = YES;
				CODE_SIGNING_ALLOWED = NO;
				CODE_SIGNING_REQUIRED = NO;
				CODE_SIGN_IDENTITY = "";
				COMBINE_HIDPI_IMAGES = YES;
				GENERATE_INFOPLIST_FILE = YES;
				INFOPLIST_KEY_CFBundleDisplayName = Remora;
				INFOPLIST_KEY_CFBundleExecutable = "$(EXECUTABLE_NAME)";
				INFOPLIST_KEY_CFBundleIconFile = AppIcon.icns;
				INFOPLIST_KEY_CFBundleName = Remora;
				INFOPLIST_KEY_LSApplicationCategoryType = "public.app-category.developer-tools";
				INFOPLIST_KEY_NSHighResolutionCapable = YES;
				LD_RUNPATH_SEARCH_PATHS = "$(inherited) @executable_path/../Frameworks";
				MACOSX_DEPLOYMENT_TARGET = 14.0;
				PRODUCT_BUNDLE_IDENTIFIER = io.github.wuujiawei.remora;
				PRODUCT_NAME = Remora;
				SDKROOT = macosx;
				SWIFT_VERSION = 6.0;
			};
			name = Release;
		};
		5EF40876DC7E66D16C9E0BC5 /* Debug */ = {
			isa = XCBuildConfiguration;
			buildSettings = {
				ALWAYS_SEARCH_USER_PATHS = NO;
				CLANG_ANALYZER_NONNULL = YES;
				CLANG_ANALYZER_NUMBER_OBJECT_CONVERSION = YES_AGGRESSIVE;
				CLANG_CXX_LANGUAGE_STANDARD = "gnu++14";
				CLANG_CXX_LIBRARY = "libc++";
				CLANG_ENABLE_MODULES = YES;
				CLANG_ENABLE_OBJC_ARC = YES;
				CLANG_ENABLE_OBJC_WEAK = YES;
				CLANG_WARN_BLOCK_CAPTURE_AUTORELEASING = YES;
				CLANG_WARN_BOOL_CONVERSION = YES;
				CLANG_WARN_COMMA = YES;
				CLANG_WARN_CONSTANT_CONVERSION = YES;
				CLANG_WARN_DEPRECATED_OBJC_IMPLEMENTATIONS = YES;
				CLANG_WARN_DIRECT_OBJC_ISA_USAGE = YES_ERROR;
				CLANG_WARN_DOCUMENTATION_COMMENTS = YES;
				CLANG_WARN_EMPTY_BODY = YES;
				CLANG_WARN_ENUM_CONVERSION = YES;
				CLANG_WARN_INFINITE_RECURSION = YES;
				CLANG_WARN_INT_CONVERSION = YES;
				CLANG_WARN_NON_LITERAL_NULL_CONVERSION = YES;
				CLANG_WARN_OBJC_IMPLICIT_RETAIN_SELF = YES;
				CLANG_WARN_OBJC_LITERAL_CONVERSION = YES;
				CLANG_WARN_OBJC_ROOT_CLASS = YES_ERROR;
				CLANG_WARN_QUOTED_INCLUDE_IN_FRAMEWORK_HEADER = YES;
				CLANG_WARN_RANGE_LOOP_ANALYSIS = YES;
				CLANG_WARN_STRICT_PROTOTYPES = YES;
				CLANG_WARN_SUSPICIOUS_MOVE = YES;
				CLANG_WARN_UNGUARDED_AVAILABILITY = YES_AGGRESSIVE;
				CLANG_WARN_UNREACHABLE_CODE = YES;
				CLANG_WARN__DUPLICATE_METHOD_MATCH = YES;
				CODE_SIGNING_ALLOWED = NO;
				CODE_SIGNING_REQUIRED = NO;
				CODE_SIGN_IDENTITY = "";
				COPY_PHASE_STRIP = NO;
				CURRENT_PROJECT_VERSION = 1;
				DEBUG_INFORMATION_FORMAT = dwarf;
				ENABLE_STRICT_OBJC_MSGSEND = YES;
				ENABLE_TESTABILITY = YES;
				GCC_C_LANGUAGE_STANDARD = gnu11;
				GCC_DYNAMIC_NO_PIC = NO;
				GCC_NO_COMMON_BLOCKS = YES;
				GCC_OPTIMIZATION_LEVEL = 0;
				GCC_PREPROCESSOR_DEFINITIONS = (
					"DEBUG=1",
					"$(inherited)",
				);
				GCC_WARN_64_TO_32_BIT_CONVERSION = YES;
				GCC_WARN_ABOUT_RETURN_TYPE = YES_ERROR;
				GCC_WARN_UNDECLARED_SELECTOR = YES;
				GCC_WARN_UNINITIALIZED_AUTOS = YES_AGGRESSIVE;
				GCC_WARN_UNUSED_FUNCTION = YES;
				GCC_WARN_UNUSED_VARIABLE = YES;
				MACOSX_DEPLOYMENT_TARGET = 14.0;
				MARKETING_VERSION = 0.10.5;
				MTL_ENABLE_DEBUG_INFO = INCLUDE_SOURCE;
				MTL_FAST_MATH = YES;
				ONLY_ACTIVE_ARCH = YES;
				PRODUCT_NAME = "$(TARGET_NAME)";
				SWIFT_ACTIVE_COMPILATION_CONDITIONS = DEBUG;
				SWIFT_OPTIMIZATION_LEVEL = "-Onone";
				SWIFT_VERSION = 6.0;
			};
			name = Debug;
		};
		767C973A4FF09A7B5746E2A5 /* Release */ = {
			isa = XCBuildConfiguration;
			buildSettings = {
				CLANG_ENABLE_MODULES = YES;
				CODE_SIGNING_ALLOWED = NO;
				CODE_SIGNING_REQUIRED = NO;
				CODE_SIGN_IDENTITY = "";
				DEFINES_MODULE = YES;
				EXECUTABLE_PREFIX = lib;
				MACOSX_DEPLOYMENT_TARGET = 14.0;
				PRODUCT_NAME = "$(TARGET_NAME)";
				SDKROOT = macosx;
				SKIP_INSTALL = YES;
				SWIFT_VERSION = 6.0;
			};
			name = Release;
		};
		B094A42AAEE1B123C331D55C /* Debug */ = {
			isa = XCBuildConfiguration;
			buildSettings = {
				CLANG_ENABLE_MODULES = YES;
				CODE_SIGNING_ALLOWED = NO;
				CODE_SIGNING_REQUIRED = NO;
				CODE_SIGN_IDENTITY = "";
				DEFINES_MODULE = YES;
				EXECUTABLE_PREFIX = lib;
				MACOSX_DEPLOYMENT_TARGET = 14.0;
				PRODUCT_NAME = "$(TARGET_NAME)";
				SDKROOT = macosx;
				SKIP_INSTALL = YES;
				SWIFT_VERSION = 6.0;
			};
			name = Debug;
		};
/* End XCBuildConfiguration section */

/* Begin XCConfigurationList section */
		3F10104A3B6ED559A8BA10E0 /* Build configuration list for PBXProject "Remora" */ = {
			isa = XCConfigurationList;
			buildConfigurations = (
				5EF40876DC7E66D16C9E0BC5 /* Debug */,
				1353331A23DC7793058ECC53 /* Release */,
			);
			defaultConfigurationIsVisible = 0;
			defaultConfigurationName = Release;
		};
		6741772885EFAE8E0D4E7B9A /* Build configuration list for PBXNativeTarget "Remora" */ = {
			isa = XCConfigurationList;
			buildConfigurations = (
				562B0BA30E1D0949B04F2CF6 /* Release */,
				0E8277D828604BBF41B40359 /* Debug */,
			);
			defaultConfigurationIsVisible = 0;
			defaultConfigurationName = Release;
		};
		ABA344282EA4F2875605A2FB /* Build configuration list for PBXNativeTarget "RemoraCore" */ = {
			isa = XCConfigurationList;
			buildConfigurations = (
				767C973A4FF09A7B5746E2A5 /* Release */,
				2F5B56C8BAB6F31C094F788C /* Debug */,
			);
			defaultConfigurationIsVisible = 0;
			defaultConfigurationName = Release;
		};
		F93861D0846042F8147088B9 /* Build configuration list for PBXNativeTarget "RemoraTerminal" */ = {
			isa = XCConfigurationList;
			buildConfigurations = (
				4727A898ECA48759DA502A89 /* Release */,
				B094A42AAEE1B123C331D55C /* Debug */,
			);
			defaultConfigurationIsVisible = 0;
			defaultConfigurationName = Release;
		};
/* End XCConfigurationList section */
	};
	rootObject = 478FC3D6B1F20EB7D78E33D5 /* Project object */;
}
